<?xml version="1.0" encoding="utf-8"?>
<Project ToolsVersion="4.0" xmlns="http://schemas.microsoft.com/developer/msbuild/2003">
  <ItemGroup>
    <Filter Include="Source Files">
      <UniqueIdentifier>{4FC737F1-C7A5-4376-A066-2A32D752A2FF}</UniqueIdentifier>
      <Extensions>cpp;c;cc;cxx;def;odl;idl;hpj;bat;asm;asmx</Extensions>
    </Filter>
    <Filter Include="Header Files">
      <UniqueIdentifier>{93995380-89BD-4b04-88EB-625FBE52EBFB}</UniqueIdentifier>
      <Extensions>h;hh;hpp;hxx;hm;inl;inc;xsd</Extensions>
    </Filter>
    <Filter Include="Resource Files">
      <UniqueIdentifier>{67DA6AB6-F800-4c08-8B7A-83BB121AAD01}</UniqueIdentifier>
      <Extensions>rc;ico;cur;bmp;dlg;rc2;rct;bin;rgs;gif;jpg;jpeg;jpe;resx;tiff;tif;png;wav;mfcribbon-ms</Extensions>
    </Filter>
    <Filter Include="Source Files\Server">
      <UniqueIdentifier>{80ced41b-66d1-4f80-aebb-e13fdc581322}</UniqueIdentifier>
    </Filter>
    <Filter Include="Source Files\HUD">
      <UniqueIdentifier>{228e552c-369e-47fb-b643-c25dc924fc49}</UniqueIdentifier>
    </Filter>
    <Filter Include="Source Files\Documentation">
      <UniqueIdentifier>{372a31c0-aff3-485d-8738-c57328c82d2a}</UniqueIdentifier>
    </Filter>
    <Filter Include="Source Files\Documentation\Generated">
      <UniqueIdentifier>{cd2e25d5-f1ac-42b1-9012-f79432e4b493}</UniqueIdentifier>
    </Filter>
    <Filter Include="Source Files\UserInterface">
      <UniqueIdentifier>{d3d412aa-f583-4160-a984-483fe642db68}</UniqueIdentifier>
    </Filter>
    <Filter Include="Source Files\UserInterface\ServerBrowser">
      <UniqueIdentifier>{99405745-9580-47d6-a5ed-cfb8b9458ddc}</UniqueIdentifier>
    </Filter>
    <Filter Include="Source Files\UserInterface\Menu">
      <UniqueIdentifier>{b7fcc141-81a6-4f91-8a79-69ac9ddeef11}</UniqueIdentifier>
    </Filter>
    <Filter Include="Source Files\Renderer">
      <UniqueIdentifier>{32dabb73-9749-4b56-86a3-a9dddd2ad573}</UniqueIdentifier>
    </Filter>
    <Filter Include="Source Files\Renderer\Common">
      <UniqueIdentifier>{7d3fb54a-74de-4460-81cd-bafe0bc477b7}</UniqueIdentifier>
    </Filter>
    <Filter Include="Source Files\Audio">
      <UniqueIdentifier>{439371a4-39ce-4f26-a271-c4e67b36cf55}</UniqueIdentifier>
    </Filter>
    <Filter Include="Source Files\FileSystem">
      <UniqueIdentifier>{ca378485-84ec-459c-929a-3e42bb17233c}</UniqueIdentifier>
    </Filter>
    <Filter Include="Source Files\Renderer\Vulkan">
      <UniqueIdentifier>{07faed32-cebc-4fcb-a246-9f6ba49dc423}</UniqueIdentifier>
    </Filter>
    <Filter Include="Source Files\Renderer\OpenGL %28Common%29">
      <UniqueIdentifier>{2b63153d-9d9c-4364-95fd-2aa149fd3d16}</UniqueIdentifier>
    </Filter>
    <Filter Include="Source Files\Renderer\OpenGL %28Modern%29">
      <UniqueIdentifier>{ffedb380-7ceb-49fc-9dff-569ecef2df9c}</UniqueIdentifier>
    </Filter>
    <Filter Include="Source Files\Renderer\OpenGL %28Modern%29\GLSL">
      <UniqueIdentifier>{12bfd5fd-8d62-4ec0-bac0-bd528bc58cb4}</UniqueIdentifier>
      <Extensions>glsl</Extensions>
    </Filter>
    <Filter Include="Source Files\Renderer\OpenGL %28Modern%29\GLSL\Generated">
      <UniqueIdentifier>{fe0e0c90-0c13-4f8f-b075-ff6cad262cc7}</UniqueIdentifier>
      <Extensions>glsl.c</Extensions>
    </Filter>
    <Filter Include="Source Files\Renderer\OpenGL %28Classic%29">
      <UniqueIdentifier>{88f06bf7-be69-4b72-90d5-c5432abed6ab}</UniqueIdentifier>
    </Filter>
    <Filter Include="Source Files\Minizip">
      <UniqueIdentifier>{55f959e0-d0ec-48d2-8908-2b6039668ad5}</UniqueIdentifier>
    </Filter>
    <Filter Include="Source Files\Renderer\OpenGL %28Classic%29\GLSL">
      <UniqueIdentifier>{71aeedf1-aab5-42cf-9b29-270e83fe1078}</UniqueIdentifier>
    </Filter>
    <Filter Include="Source Files\Renderer\OpenGL %28Classic%29\GLSL\Generated">
      <UniqueIdentifier>{afa4ad28-c6ab-41b2-aeb2-489af5ea3415}</UniqueIdentifier>
    </Filter>
    <Filter Include="Source Files\Renderer\Common\HUD">
      <UniqueIdentifier>{beeef33a-1d61-42e5-b770-7bcb7272050e}</UniqueIdentifier>
    </Filter>
    <Filter Include="Source Files\UserInterface\Junk">
      <UniqueIdentifier>{b03c1136-5aaa-4739-bacf-50246321ae38}</UniqueIdentifier>
    </Filter>
    <Filter Include="Source Files\Renderer\Vulkan\Shaders">
      <UniqueIdentifier>{a0c42337-13c4-4f7d-a3d6-1d4a2bf3a475}</UniqueIdentifier>
    </Filter>
    <Filter Include="Source Files\Renderer\Vulkan\Shaders\Generated">
      <UniqueIdentifier>{8a6e8735-477e-4575-aaec-4ba8af83f049}</UniqueIdentifier>
    </Filter>
    <Filter Include="Source Files\Renderer\Vulkan\Shaders\SPIR-V">
      <UniqueIdentifier>{cd33a0e2-d403-4b98-9bf6-152511821ca0}</UniqueIdentifier>
    </Filter>
    <Filter Include="Header Files\Generated">
      <UniqueIdentifier>{618e0c79-352e-4e79-8b4a-9b8556e98e35}</UniqueIdentifier>
    </Filter>
  </ItemGroup>
  <ItemGroup>
    <ClCompile Include="src\cl_cam.c">
      <Filter>Source Files</Filter>
    </ClCompile>
    <ClCompile Include="src\cl_cmd.c">
      <Filter>Source Files</Filter>
    </ClCompile>
    <ClCompile Include="src\cl_demo.c">
      <Filter>Source Files</Filter>
    </ClCompile>
    <ClCompile Include="src\cl_ents.c">
      <Filter>Source Files</Filter>
    </ClCompile>
    <ClCompile Include="src\cl_input.c">
      <Filter>Source Files</Filter>
    </ClCompile>
    <ClCompile Include="src\cl_main.c">
      <Filter>Source Files</Filter>
    </ClCompile>
    <ClCompile Include="src\cl_nqdemo.c">
      <Filter>Source Files</Filter>
    </ClCompile>
    <ClCompile Include="src\cl_parse.c">
      <Filter>Source Files</Filter>
    </ClCompile>
    <ClCompile Include="src\cl_pred.c">
      <Filter>Source Files</Filter>
    </ClCompile>
    <ClCompile Include="src\cl_screen.c">
      <Filter>Source Files</Filter>
    </ClCompile>
    <ClCompile Include="src\cl_tent.c">
      <Filter>Source Files</Filter>
    </ClCompile>
    <ClCompile Include="src\cl_view.c">
      <Filter>Source Files</Filter>
    </ClCompile>
    <ClCompile Include="src\cmd.c">
      <Filter>Source Files</Filter>
    </ClCompile>
    <ClCompile Include="src\cmodel.c">
      <Filter>Source Files</Filter>
    </ClCompile>
    <ClCompile Include="src\collision.c">
      <Filter>Source Files</Filter>
    </ClCompile>
    <ClCompile Include="src\com_msg.c">
      <Filter>Source Files</Filter>
    </ClCompile>
    <ClCompile Include="src\common.c">
      <Filter>Source Files</Filter>
    </ClCompile>
    <ClCompile Include="src\common_draw.c">
      <Filter>Source Files</Filter>
    </ClCompile>
    <ClCompile Include="src\config_manager.c">
      <Filter>Source Files</Filter>
    </ClCompile>
    <ClCompile Include="src\console.c">
      <Filter>Source Files</Filter>
    </ClCompile>
    <ClCompile Include="src\crc.c">
      <Filter>Source Files</Filter>
    </ClCompile>
    <ClCompile Include="src\cvar.c">
      <Filter>Source Files</Filter>
    </ClCompile>
    <ClCompile Include="src\fchecks.c">
      <Filter>Source Files</Filter>
    </ClCompile>
    <ClCompile Include="src\fmod.c">
      <Filter>Source Files</Filter>
    </ClCompile>
    <ClCompile Include="src\fragstats.c">
      <Filter>Source Files</Filter>
    </ClCompile>
    <ClCompile Include="src\fs.c">
      <Filter>Source Files</Filter>
    </ClCompile>
    <ClCompile Include="src\hash.c">
      <Filter>Source Files</Filter>
    </ClCompile>
    <ClCompile Include="src\host.c">
      <Filter>Source Files</Filter>
    </ClCompile>
    <ClCompile Include="src\ignore.c">
      <Filter>Source Files</Filter>
    </ClCompile>
    <ClCompile Include="src\image.c">
      <Filter>Source Files</Filter>
    </ClCompile>
    <ClCompile Include="src\in_sdl2.c">
      <Filter>Source Files</Filter>
    </ClCompile>
    <ClCompile Include="src\irc.c">
      <Filter>Source Files</Filter>
    </ClCompile>
    <ClCompile Include="src\irc_filter.c">
      <Filter>Source Files</Filter>
    </ClCompile>
    <ClCompile Include="src\keys.c">
      <Filter>Source Files</Filter>
    </ClCompile>
    <ClCompile Include="src\localtime_win.c">
      <Filter>Source Files</Filter>
    </ClCompile>
    <ClCompile Include="src\logging.c">
      <Filter>Source Files</Filter>
    </ClCompile>
    <ClCompile Include="src\match_tools.c">
      <Filter>Source Files</Filter>
    </ClCompile>
    <ClCompile Include="src\mathlib.c">
      <Filter>Source Files</Filter>
    </ClCompile>
    <ClCompile Include="src\md4.c">
      <Filter>Source Files</Filter>
    </ClCompile>
    <ClCompile Include="src\sha3.c">
      <Filter>Source Files</Filter>
    </ClCompile>
    <ClCompile Include="src\movie.c">
      <Filter>Source Files</Filter>
    </ClCompile>
    <ClCompile Include="src\movie_avi.c">
      <Filter>Source Files</Filter>
    </ClCompile>
    <ClCompile Include="src\mvd_autotrack.c">
      <Filter>Source Files</Filter>
    </ClCompile>
    <ClCompile Include="src\mvd_utils.c">
      <Filter>Source Files</Filter>
    </ClCompile>
    <ClCompile Include="src\mvd_xmlstats.c">
      <Filter>Source Files</Filter>
    </ClCompile>
    <ClCompile Include="src\net.c">
      <Filter>Source Files</Filter>
    </ClCompile>
    <ClCompile Include="src\net_chan.c">
      <Filter>Source Files</Filter>
    </ClCompile>
    <ClCompile Include="src\parser.c">
      <Filter>Source Files</Filter>
    </ClCompile>
    <ClCompile Include="src\pmove.c">
      <Filter>Source Files</Filter>
    </ClCompile>
    <ClCompile Include="src\pmovetst.c">
      <Filter>Source Files</Filter>
    </ClCompile>
    <ClCompile Include="src\q_shared.c">
      <Filter>Source Files</Filter>
    </ClCompile>
    <ClCompile Include="src\qtv.c">
      <Filter>Source Files</Filter>
    </ClCompile>
    <ClCompile Include="src\rulesets.c">
      <Filter>Source Files</Filter>
    </ClCompile>
    <ClCompile Include="src\sha1.c">
      <Filter>Source Files</Filter>
    </ClCompile>
    <ClCompile Include="src\skin.c">
      <Filter>Source Files</Filter>
    </ClCompile>
    <ClCompile Include="src\stats_grid.c">
      <Filter>Source Files</Filter>
    </ClCompile>
    <ClCompile Include="src\sys_sdl2.c">
      <Filter>Source Files</Filter>
    </ClCompile>
    <ClCompile Include="src\sys_win.c">
      <Filter>Source Files</Filter>
    </ClCompile>
    <ClCompile Include="src\teamplay.c">
      <Filter>Source Files</Filter>
    </ClCompile>
    <ClCompile Include="src\textencoding.c">
      <Filter>Source Files</Filter>
    </ClCompile>
    <ClCompile Include="src\tp_msgs.c">
      <Filter>Source Files</Filter>
    </ClCompile>
    <ClCompile Include="src\tp_triggers.c">
      <Filter>Source Files</Filter>
    </ClCompile>
    <ClCompile Include="src\utils.c">
      <Filter>Source Files</Filter>
    </ClCompile>
    <ClCompile Include="src\version.c">
      <Filter>Source Files</Filter>
    </ClCompile>
    <ClCompile Include="src\vid_sdl2.c">
      <Filter>Source Files</Filter>
    </ClCompile>
    <ClCompile Include="src\wad.c">
      <Filter>Source Files</Filter>
    </ClCompile>
    <ClCompile Include="src\zone.c">
      <Filter>Source Files</Filter>
    </ClCompile>
    <ClCompile Include="src\cl_multiview.c">
      <Filter>Source Files</Filter>
    </ClCompile>
    <ClCompile Include="src\glsl\.common.glsl.c">
      <Filter>Source Files\Renderer\OpenGL %28Modern%29\GLSL\Generated</Filter>
    </ClCompile>
    <ClCompile Include="src\glsl\.constants.glsl.c">
      <Filter>Source Files\Renderer\OpenGL %28Modern%29\GLSL\Generated</Filter>
    </ClCompile>
    <ClCompile Include="src\glsl\.post_process_screen.fragment.glsl.c">
      <Filter>Source Files\Renderer\OpenGL %28Modern%29\GLSL\Generated</Filter>
    </ClCompile>
    <ClCompile Include="src\glsl\.post_process_screen.vertex.glsl.c">
      <Filter>Source Files\Renderer\OpenGL %28Modern%29\GLSL\Generated</Filter>
    </ClCompile>
    <ClCompile Include="src\glsl\.lighting.compute.glsl.c">
      <Filter>Source Files\Renderer\OpenGL %28Modern%29\GLSL\Generated</Filter>
    </ClCompile>
    <ClCompile Include="src\glsl\.hud_draw_image.fragment.glsl.c">
      <Filter>Source Files\Renderer\OpenGL %28Modern%29\GLSL\Generated</Filter>
    </ClCompile>
    <ClCompile Include="src\glsl\.hud_draw_image.geometry.glsl.c">
      <Filter>Source Files\Renderer\OpenGL %28Modern%29\GLSL\Generated</Filter>
    </ClCompile>
    <ClCompile Include="src\glsl\.hud_draw_image.vertex.glsl.c">
      <Filter>Source Files\Renderer\OpenGL %28Modern%29\GLSL\Generated</Filter>
    </ClCompile>
    <ClCompile Include="src\glsl\.hud_draw_line.vertex.glsl.c">
      <Filter>Source Files\Renderer\OpenGL %28Modern%29\GLSL\Generated</Filter>
    </ClCompile>
    <ClCompile Include="src\glsl\.hud_draw_line.fragment.glsl.c">
      <Filter>Source Files\Renderer\OpenGL %28Modern%29\GLSL\Generated</Filter>
    </ClCompile>
    <ClCompile Include="src\glsl\.hud_draw_circle.fragment.glsl.c">
      <Filter>Source Files\Renderer\OpenGL %28Modern%29\GLSL\Generated</Filter>
    </ClCompile>
    <ClCompile Include="src\glsl\.hud_draw_circle.vertex.glsl.c">
      <Filter>Source Files\Renderer\OpenGL %28Modern%29\GLSL\Generated</Filter>
    </ClCompile>
    <ClCompile Include="src\glsl\.hud_draw_polygon.fragment.glsl.c">
      <Filter>Source Files\Renderer\OpenGL %28Modern%29\GLSL\Generated</Filter>
    </ClCompile>
    <ClCompile Include="src\glsl\.hud_draw_polygon.vertex.glsl.c">
      <Filter>Source Files\Renderer\OpenGL %28Modern%29\GLSL\Generated</Filter>
    </ClCompile>
    <ClCompile Include="src\glsl\.draw_sprites.fragment.glsl.c">
      <Filter>Source Files\Renderer\OpenGL %28Modern%29\GLSL\Generated</Filter>
    </ClCompile>
    <ClCompile Include="src\glsl\.draw_sprites.vertex.glsl.c">
      <Filter>Source Files\Renderer\OpenGL %28Modern%29\GLSL\Generated</Filter>
    </ClCompile>
    <ClCompile Include="src\glsl\.draw_world.fragment.glsl.c">
      <Filter>Source Files\Renderer\OpenGL %28Modern%29\GLSL\Generated</Filter>
    </ClCompile>
    <ClCompile Include="src\glsl\.draw_world.vertex.glsl.c">
      <Filter>Source Files\Renderer\OpenGL %28Modern%29\GLSL\Generated</Filter>
    </ClCompile>
    <ClCompile Include="src\glsl\.draw_aliasmodel.fragment.glsl.c">
      <Filter>Source Files\Renderer\OpenGL %28Modern%29\GLSL\Generated</Filter>
    </ClCompile>
    <ClCompile Include="src\glsl\.draw_aliasmodel.vertex.glsl.c">
      <Filter>Source Files\Renderer\OpenGL %28Modern%29\GLSL\Generated</Filter>
    </ClCompile>
    <ClCompile Include="src\vid_vsync.c">
      <Filter>Source Files</Filter>
    </ClCompile>
    <ClCompile Include="src\cl_screenshot.c">
      <Filter>Source Files</Filter>
    </ClCompile>
    <ClCompile Include="src\fonts.c">
      <Filter>Source Files</Filter>
    </ClCompile>
    <ClCompile Include="src\hud_weapon_stats.c">
      <Filter>Source Files\HUD</Filter>
    </ClCompile>
    <ClCompile Include="src\hud_262.c">
      <Filter>Source Files\HUD</Filter>
    </ClCompile>
    <ClCompile Include="src\hud_ammo.c">
      <Filter>Source Files\HUD</Filter>
    </ClCompile>
    <ClCompile Include="src\hud_autoid.c">
      <Filter>Source Files\HUD</Filter>
    </ClCompile>
    <ClCompile Include="src\hud_clock.c">
      <Filter>Source Files\HUD</Filter>
    </ClCompile>
    <ClCompile Include="src\hud_common.c">
      <Filter>Source Files\HUD</Filter>
    </ClCompile>
    <ClCompile Include="src\hud_editor.c">
      <Filter>Source Files\HUD</Filter>
    </ClCompile>
    <ClCompile Include="src\hud_items.c">
      <Filter>Source Files\HUD</Filter>
    </ClCompile>
    <ClCompile Include="src\hud_radar.c">
      <Filter>Source Files\HUD</Filter>
    </ClCompile>
    <ClCompile Include="src\hud_speed.c">
      <Filter>Source Files\HUD</Filter>
    </ClCompile>
    <ClCompile Include="src\hud_teaminfo.c">
      <Filter>Source Files\HUD</Filter>
    </ClCompile>
    <ClCompile Include="src\hud.c">
      <Filter>Source Files\HUD</Filter>
    </ClCompile>
    <ClCompile Include="src\help.c">
      <Filter>Source Files\Documentation</Filter>
    </ClCompile>
    <ClCompile Include="src\pr_cmds.c">
      <Filter>Source Files\Server</Filter>
    </ClCompile>
    <ClCompile Include="src\pr_edict.c">
      <Filter>Source Files\Server</Filter>
    </ClCompile>
    <ClCompile Include="src\pr_exec.c">
      <Filter>Source Files\Server</Filter>
    </ClCompile>
    <ClCompile Include="src\pr2_cmds.c">
      <Filter>Source Files\Server</Filter>
    </ClCompile>
    <ClCompile Include="src\pr2_edict.c">
      <Filter>Source Files\Server</Filter>
    </ClCompile>
    <ClCompile Include="src\pr2_exec.c">
      <Filter>Source Files\Server</Filter>
    </ClCompile>
    <ClCompile Include="src\vm.c">
      <Filter>Source Files\Server</Filter>
    </ClCompile>
    <ClCompile Include="src\vm_interpreted.c">
      <Filter>Source Files\Server</Filter>
    </ClCompile>
    <ClCompile Include="src\vm_x86.c">
      <Filter>Source Files\Server</Filter>
    </ClCompile>
    <ClCompile Include="src\Ctrl.c">
      <Filter>Source Files\UserInterface</Filter>
    </ClCompile>
    <ClCompile Include="src\Ctrl_EditBox.c">
      <Filter>Source Files\UserInterface</Filter>
    </ClCompile>
    <ClCompile Include="src\Ctrl_ScrollBar.c">
      <Filter>Source Files\UserInterface</Filter>
    </ClCompile>
    <ClCompile Include="src\Ctrl_Tab.c">
      <Filter>Source Files\UserInterface</Filter>
    </ClCompile>
    <ClCompile Include="src\EX_FileList.c">
      <Filter>Source Files\UserInterface</Filter>
    </ClCompile>
    <ClCompile Include="src\EX_qtvlist.c">
      <Filter>Source Files\UserInterface</Filter>
    </ClCompile>
    <ClCompile Include="src\EX_browser.c">
      <Filter>Source Files\UserInterface\ServerBrowser</Filter>
    </ClCompile>
    <ClCompile Include="src\EX_browser_net.c">
      <Filter>Source Files\UserInterface\ServerBrowser</Filter>
    </ClCompile>
    <ClCompile Include="src\EX_browser_pathfind.c">
      <Filter>Source Files\UserInterface\ServerBrowser</Filter>
    </ClCompile>
    <ClCompile Include="src\EX_browser_ping.c">
      <Filter>Source Files\UserInterface\ServerBrowser</Filter>
    </ClCompile>
    <ClCompile Include="src\EX_browser_sources.c">
      <Filter>Source Files\UserInterface\ServerBrowser</Filter>
    </ClCompile>
    <ClCompile Include="src\menu.c">
      <Filter>Source Files\UserInterface\Menu</Filter>
    </ClCompile>
    <ClCompile Include="src\menu_demo.c">
      <Filter>Source Files\UserInterface\Menu</Filter>
    </ClCompile>
    <ClCompile Include="src\menu_ingame.c">
      <Filter>Source Files\UserInterface\Menu</Filter>
    </ClCompile>
    <ClCompile Include="src\menu_multiplayer.c">
      <Filter>Source Files\UserInterface\Menu</Filter>
    </ClCompile>
    <ClCompile Include="src\menu_options.c">
      <Filter>Source Files\UserInterface\Menu</Filter>
    </ClCompile>
    <ClCompile Include="src\menu_proxy.c">
      <Filter>Source Files\UserInterface\Menu</Filter>
    </ClCompile>
    <ClCompile Include="src\sv_ccmds.c">
      <Filter>Source Files\Server</Filter>
    </ClCompile>
    <ClCompile Include="src\sv_demo.c">
      <Filter>Source Files\Server</Filter>
    </ClCompile>
    <ClCompile Include="src\sv_demo_misc.c">
      <Filter>Source Files\Server</Filter>
    </ClCompile>
    <ClCompile Include="src\sv_demo_qtv.c">
      <Filter>Source Files\Server</Filter>
    </ClCompile>
    <ClCompile Include="src\sv_ents.c">
      <Filter>Source Files\Server</Filter>
    </ClCompile>
    <ClCompile Include="src\sv_init.c">
      <Filter>Source Files\Server</Filter>
    </ClCompile>
    <ClCompile Include="src\sv_login.c">
      <Filter>Source Files\Server</Filter>
    </ClCompile>
    <ClCompile Include="src\sv_master.c">
      <Filter>Source Files\Server</Filter>
    </ClCompile>
    <ClCompile Include="src\sv_main.c">
      <Filter>Source Files\Server</Filter>
    </ClCompile>
    <ClCompile Include="src\sv_mod_frags.c">
      <Filter>Source Files\Server</Filter>
    </ClCompile>
    <ClCompile Include="src\sv_move.c">
      <Filter>Source Files\Server</Filter>
    </ClCompile>
    <ClCompile Include="src\sv_nchan.c">
      <Filter>Source Files\Server</Filter>
    </ClCompile>
    <ClCompile Include="src\sv_phys.c">
      <Filter>Source Files\Server</Filter>
    </ClCompile>
    <ClCompile Include="src\sv_save.c">
      <Filter>Source Files\Server</Filter>
    </ClCompile>
    <ClCompile Include="src\sv_send.c">
      <Filter>Source Files\Server</Filter>
    </ClCompile>
    <ClCompile Include="src\sv_user.c">
      <Filter>Source Files\Server</Filter>
    </ClCompile>
    <ClCompile Include="src\sv_world.c">
      <Filter>Source Files\Server</Filter>
    </ClCompile>
    <ClCompile Include="src\glm_aliasmodel.c">
      <Filter>Source Files\Renderer\OpenGL %28Modern%29</Filter>
    </ClCompile>
    <ClCompile Include="src\glm_brushmodel.c">
      <Filter>Source Files\Renderer\OpenGL %28Modern%29</Filter>
    </ClCompile>
    <ClCompile Include="src\glm_draw.c">
      <Filter>Source Files\Renderer\OpenGL %28Modern%29</Filter>
    </ClCompile>
    <ClCompile Include="src\glm_framebuffer.c">
      <Filter>Source Files\Renderer\OpenGL %28Modern%29</Filter>
    </ClCompile>
    <ClCompile Include="src\glm_md3.c">
      <Filter>Source Files\Renderer\OpenGL %28Modern%29</Filter>
    </ClCompile>
    <ClCompile Include="src\glm_misc.c">
      <Filter>Source Files\Renderer\OpenGL %28Modern%29</Filter>
    </ClCompile>
    <ClCompile Include="src\glm_rmain.c">
      <Filter>Source Files\Renderer\OpenGL %28Modern%29</Filter>
    </ClCompile>
    <ClCompile Include="src\glm_rsurf.c">
      <Filter>Source Files\Renderer\OpenGL %28Modern%29</Filter>
    </ClCompile>
    <ClCompile Include="src\glm_sprite.c">
      <Filter>Source Files\Renderer\OpenGL %28Modern%29</Filter>
    </ClCompile>
    <ClCompile Include="src\glm_texture_arrays.c">
      <Filter>Source Files\Renderer\OpenGL %28Modern%29</Filter>
    </ClCompile>
    <ClCompile Include="src\glc_warp.c">
      <Filter>Source Files\Renderer\OpenGL %28Classic%29</Filter>
    </ClCompile>
    <ClCompile Include="src\glc_aliasmodel.c">
      <Filter>Source Files\Renderer\OpenGL %28Classic%29</Filter>
    </ClCompile>
    <ClCompile Include="src\glc_brushmodel.c">
      <Filter>Source Files\Renderer\OpenGL %28Classic%29</Filter>
    </ClCompile>
    <ClCompile Include="src\glc_md3.c">
      <Filter>Source Files\Renderer\OpenGL %28Classic%29</Filter>
    </ClCompile>
    <ClCompile Include="src\glc_misc.c">
      <Filter>Source Files\Renderer\OpenGL %28Classic%29</Filter>
    </ClCompile>
    <ClCompile Include="src\glc_sky.c">
      <Filter>Source Files\Renderer\OpenGL %28Classic%29</Filter>
    </ClCompile>
    <ClCompile Include="src\glc_surf.c">
      <Filter>Source Files\Renderer\OpenGL %28Classic%29</Filter>
    </ClCompile>
    <ClCompile Include="src\glc_turb_surface.c">
      <Filter>Source Files\Renderer\OpenGL %28Classic%29</Filter>
    </ClCompile>
    <ClCompile Include="src\r_part.c">
      <Filter>Source Files\Renderer\Common</Filter>
    </ClCompile>
    <ClCompile Include="src\r_performance.c">
      <Filter>Source Files\Renderer\Common</Filter>
    </ClCompile>
    <ClCompile Include="src\vx_camera.c">
      <Filter>Source Files\Renderer\Common</Filter>
    </ClCompile>
    <ClCompile Include="src\vx_coronas.c">
      <Filter>Source Files\Renderer\Common</Filter>
    </ClCompile>
    <ClCompile Include="src\vx_stuff.c">
      <Filter>Source Files\Renderer\Common</Filter>
    </ClCompile>
    <ClCompile Include="src\snd_main.c">
      <Filter>Source Files\Audio</Filter>
    </ClCompile>
    <ClCompile Include="src\snd_mem.c">
      <Filter>Source Files\Audio</Filter>
    </ClCompile>
    <ClCompile Include="src\snd_mix.c">
      <Filter>Source Files\Audio</Filter>
    </ClCompile>
    <ClCompile Include="src\snd_voip.c">
      <Filter>Source Files\Audio</Filter>
    </ClCompile>
    <ClCompile Include="src\vfs_zip.c">
      <Filter>Source Files\FileSystem</Filter>
    </ClCompile>
    <ClCompile Include="src\vfs_doomwad.c">
      <Filter>Source Files\FileSystem</Filter>
    </ClCompile>
    <ClCompile Include="src\vfs_gzip.c">
      <Filter>Source Files\FileSystem</Filter>
    </ClCompile>
    <ClCompile Include="src\vfs_mmap.c">
      <Filter>Source Files\FileSystem</Filter>
    </ClCompile>
    <ClCompile Include="src\vfs_os.c">
      <Filter>Source Files\FileSystem</Filter>
    </ClCompile>
    <ClCompile Include="src\vfs_pak.c">
      <Filter>Source Files\FileSystem</Filter>
    </ClCompile>
    <ClCompile Include="src\vfs_tar.c">
      <Filter>Source Files\FileSystem</Filter>
    </ClCompile>
    <ClCompile Include="src\vfs_tcp.c">
      <Filter>Source Files\FileSystem</Filter>
    </ClCompile>
    <ClCompile Include="src\cd_null.c">
      <Filter>Source Files\Audio</Filter>
    </ClCompile>
    <ClCompile Include="src\hud_net.c">
      <Filter>Source Files\HUD</Filter>
    </ClCompile>
    <ClCompile Include="src\hud_guns.c">
      <Filter>Source Files\HUD</Filter>
    </ClCompile>
    <ClCompile Include="src\hud_groups.c">
      <Filter>Source Files\HUD</Filter>
    </ClCompile>
    <ClCompile Include="src\hud_armor.c">
      <Filter>Source Files\HUD</Filter>
    </ClCompile>
    <ClCompile Include="src\hud_health.c">
      <Filter>Source Files\HUD</Filter>
    </ClCompile>
    <ClCompile Include="src\hud_gamesummary.c">
      <Filter>Source Files\HUD</Filter>
    </ClCompile>
    <ClCompile Include="src\hud_performance.c">
      <Filter>Source Files\HUD</Filter>
    </ClCompile>
    <ClCompile Include="src\hud_scores.c">
      <Filter>Source Files\HUD</Filter>
    </ClCompile>
    <ClCompile Include="src\hud_face.c">
      <Filter>Source Files\HUD</Filter>
    </ClCompile>
    <ClCompile Include="src\hud_frags.c">
      <Filter>Source Files\HUD</Filter>
    </ClCompile>
    <ClCompile Include="src\hud_tracking.c">
      <Filter>Source Files\HUD</Filter>
    </ClCompile>
    <ClCompile Include="src\vx_tracker.c">
      <Filter>Source Files\HUD</Filter>
    </ClCompile>
    <ClCompile Include="src\teamplay_locfiles.c">
      <Filter>Source Files</Filter>
    </ClCompile>
    <ClCompile Include="src\match_tools_challenge.c">
      <Filter>Source Files</Filter>
    </ClCompile>
    <ClCompile Include="src\vk_main.c">
      <Filter>Source Files\Renderer\Vulkan</Filter>
    </ClCompile>
    <ClCompile Include="src\vk_physical_devices.c">
      <Filter>Source Files\Renderer\Vulkan</Filter>
    </ClCompile>
    <ClCompile Include="src\vk_debug.c">
      <Filter>Source Files\Renderer\Vulkan</Filter>
    </ClCompile>
    <ClCompile Include="src\vk_instance.c">
      <Filter>Source Files\Renderer\Vulkan</Filter>
    </ClCompile>
    <ClCompile Include="src\vk_window_surface.c">
      <Filter>Source Files\Renderer\Vulkan</Filter>
    </ClCompile>
    <ClCompile Include="src\vk_swapchain.c">
      <Filter>Source Files\Renderer\Vulkan</Filter>
    </ClCompile>
    <ClCompile Include="src\vk_buffers.c">
      <Filter>Source Files\Renderer\Vulkan</Filter>
    </ClCompile>
    <ClCompile Include="src\glm_particles.c">
      <Filter>Source Files\Renderer\OpenGL %28Modern%29</Filter>
    </ClCompile>
    <ClCompile Include="src\glm_vao.c">
      <Filter>Source Files\Renderer\OpenGL %28Modern%29</Filter>
    </ClCompile>
    <ClCompile Include="src\vk_vao.c">
      <Filter>Source Files\Renderer\Vulkan</Filter>
    </ClCompile>
    <ClCompile Include="src\glc_vao.c">
      <Filter>Source Files\Renderer\OpenGL %28Classic%29</Filter>
    </ClCompile>
    <ClCompile Include="src\r_texture.c">
      <Filter>Source Files\Renderer\Common</Filter>
    </ClCompile>
    <ClCompile Include="src\glc_matrix.c">
      <Filter>Source Files\Renderer\OpenGL %28Classic%29</Filter>
    </ClCompile>
    <ClCompile Include="src\r_buffers.c">
      <Filter>Source Files\Renderer\Common</Filter>
    </ClCompile>
    <ClCompile Include="src\gl_buffers.c">
      <Filter>Source Files\Renderer\OpenGL %28Common%29</Filter>
    </ClCompile>
    <ClCompile Include="src\vx_vertexlights.c">
      <Filter>Source Files\Renderer\Common</Filter>
    </ClCompile>
    <ClCompile Include="src\glc_bloom.c">
      <Filter>Source Files\Renderer\OpenGL %28Classic%29</Filter>
    </ClCompile>
    <ClCompile Include="src\r_bloom.c">
      <Filter>Source Files\Renderer\Common</Filter>
    </ClCompile>
    <ClCompile Include="src\glc_draw.c">
      <Filter>Source Files\Renderer\OpenGL %28Classic%29</Filter>
    </ClCompile>
    <ClCompile Include="src\r_misc.c">
      <Filter>Source Files\Renderer\Common</Filter>
    </ClCompile>
    <ClCompile Include="src\glc_performance.c">
      <Filter>Source Files\Renderer\OpenGL %28Classic%29</Filter>
    </ClCompile>
    <ClCompile Include="src\glm_performance.c">
      <Filter>Source Files\Renderer\OpenGL %28Modern%29</Filter>
    </ClCompile>
    <ClCompile Include="src\glc_sprite3d.c">
      <Filter>Source Files\Renderer\OpenGL %28Classic%29</Filter>
    </ClCompile>
    <ClCompile Include="src\glm_sprite3d.c">
      <Filter>Source Files\Renderer\OpenGL %28Modern%29</Filter>
    </ClCompile>
    <ClCompile Include="src\r_draw.c">
      <Filter>Source Files\Renderer\Common</Filter>
    </ClCompile>
    <ClCompile Include="src\vk_draw.c">
      <Filter>Source Files\Renderer\Vulkan</Filter>
    </ClCompile>
    <ClCompile Include="src\gl_drawcall_wrappers.c">
      <Filter>Source Files\Renderer\OpenGL %28Common%29</Filter>
    </ClCompile>
    <ClCompile Include="src\r_main.c">
      <Filter>Source Files\Renderer\Common</Filter>
    </ClCompile>
    <ClCompile Include="src\r_rlight.c">
      <Filter>Source Files\Renderer\Common</Filter>
    </ClCompile>
    <ClCompile Include="src\r_refrag.c">
      <Filter>Source Files\Renderer\Common</Filter>
    </ClCompile>
    <ClCompile Include="src\r_rmisc.c">
      <Filter>Source Files\Renderer\Common</Filter>
    </ClCompile>
    <ClCompile Include="src\vk_misc.c">
      <Filter>Source Files\Renderer\Vulkan</Filter>
    </ClCompile>
    <ClCompile Include="src\r_chaticons.c">
      <Filter>Source Files\Renderer\Common</Filter>
    </ClCompile>
    <ClCompile Include="src\r_brushmodel.c">
      <Filter>Source Files\Renderer\Common</Filter>
    </ClCompile>
    <ClCompile Include="src\r_brushmodel_bspx.c">
      <Filter>Source Files\Renderer\Common</Filter>
    </ClCompile>
    <ClCompile Include="src\r_brushmodel_textures.c">
      <Filter>Source Files\Renderer\Common</Filter>
    </ClCompile>
    <ClCompile Include="src\r_brushmodel_warpsurfaces.c">
      <Filter>Source Files\Renderer\Common</Filter>
    </ClCompile>
    <ClCompile Include="src\r_brushmodel_sky.c">
      <Filter>Source Files\Renderer\Common</Filter>
    </ClCompile>
    <ClCompile Include="src\vk_md3.c">
      <Filter>Source Files\Renderer\Vulkan</Filter>
    </ClCompile>
    <ClCompile Include="src\r_matrix.c">
      <Filter>Source Files\Renderer\Common</Filter>
    </ClCompile>
    <ClCompile Include="src\r_aliasmodel_md3.c">
      <Filter>Source Files\Renderer\Common</Filter>
    </ClCompile>
    <ClCompile Include="src\r_aliasmodel_mesh.c">
      <Filter>Source Files\Renderer\Common</Filter>
    </ClCompile>
    <ClCompile Include="src\r_aliasmodel_skins.c">
      <Filter>Source Files\Renderer\Common</Filter>
    </ClCompile>
    <ClCompile Include="src\r_netgraph.c">
      <Filter>Source Files\Renderer\Common</Filter>
    </ClCompile>
    <ClCompile Include="src\r_model.c">
      <Filter>Source Files\Renderer\Common</Filter>
    </ClCompile>
    <ClCompile Include="src\glm_lightmaps.c">
      <Filter>Source Files\Renderer\OpenGL %28Modern%29</Filter>
    </ClCompile>
    <ClCompile Include="src\glc_lightmaps.c">
      <Filter>Source Files\Renderer\OpenGL %28Classic%29</Filter>
    </ClCompile>
    <ClCompile Include="src\vk_lightmaps.c">
      <Filter>Source Files\Renderer\Vulkan</Filter>
    </ClCompile>
    <ClCompile Include="src\r_particles_qmb.c">
      <Filter>Source Files\Renderer\Common</Filter>
    </ClCompile>
    <ClCompile Include="src\r_particles_qmb_spawn.c">
      <Filter>Source Files\Renderer\Common</Filter>
    </ClCompile>
    <ClCompile Include="src\r_sprites.c">
      <Filter>Source Files\Renderer\Common</Filter>
    </ClCompile>
    <ClCompile Include="src\r_lightmaps.c">
      <Filter>Source Files\Renderer\Common</Filter>
    </ClCompile>
    <ClCompile Include="src\glm_sdl.c">
      <Filter>Source Files\Renderer\OpenGL %28Modern%29</Filter>
    </ClCompile>
    <ClCompile Include="src\vk_sdl.c">
      <Filter>Source Files\Renderer\Vulkan</Filter>
    </ClCompile>
    <ClCompile Include="src\r_palette.c">
      <Filter>Source Files\Renderer\Common</Filter>
    </ClCompile>
    <ClCompile Include="src\glc_sdl.c">
      <Filter>Source Files\Renderer\OpenGL %28Classic%29</Filter>
    </ClCompile>
    <ClCompile Include="src\r_aliasmodel.c">
      <Filter>Source Files\Renderer\Common</Filter>
    </ClCompile>
    <ClCompile Include="src\r_brushmodel_surfaces.c">
      <Filter>Source Files\Renderer\Common</Filter>
    </ClCompile>
    <ClCompile Include="src\gl_misc.c">
      <Filter>Source Files\Renderer\OpenGL %28Common%29</Filter>
    </ClCompile>
    <ClCompile Include="src\gl_state.c">
      <Filter>Source Files\Renderer\OpenGL %28Common%29</Filter>
    </ClCompile>
    <ClCompile Include="src\r_states.c">
      <Filter>Source Files\Renderer\Common</Filter>
    </ClCompile>
    <ClCompile Include="src\glc_state.c">
      <Filter>Source Files\Renderer\OpenGL %28Classic%29</Filter>
    </ClCompile>
    <ClCompile Include="src\r_texture_cvars.c">
      <Filter>Source Files\Renderer\Common</Filter>
    </ClCompile>
    <ClCompile Include="src\r_texture_load.c">
      <Filter>Source Files\Renderer\Common</Filter>
    </ClCompile>
    <ClCompile Include="src\r_texture_util.c">
      <Filter>Source Files\Renderer\Common</Filter>
    </ClCompile>
    <ClCompile Include="src\gl_texture.c">
      <Filter>Source Files\Renderer\OpenGL %28Common%29</Filter>
    </ClCompile>
    <ClCompile Include="src\r_rmain.c">
      <Filter>Source Files\Renderer\Common</Filter>
    </ClCompile>
    <ClCompile Include="src\gl_framebuffer.c">
      <Filter>Source Files\Renderer\OpenGL %28Common%29</Filter>
    </ClCompile>
    <ClCompile Include="src\gl_debug.c">
      <Filter>Source Files\Renderer\OpenGL %28Common%29</Filter>
    </ClCompile>
    <ClCompile Include="src\r_sprite3d.c">
      <Filter>Source Files\Renderer\Common</Filter>
    </ClCompile>
    <ClCompile Include="src\gl_sprite3d.c">
      <Filter>Source Files\Renderer\OpenGL %28Common%29</Filter>
    </ClCompile>
    <ClCompile Include="src\r_atlas.c">
      <Filter>Source Files\Renderer\Common</Filter>
    </ClCompile>
    <ClCompile Include="src\glc_particles.c">
      <Filter>Source Files\Renderer\OpenGL %28Classic%29</Filter>
    </ClCompile>
    <ClCompile Include="src\glc_main.c">
      <Filter>Source Files\Renderer\OpenGL %28Classic%29</Filter>
    </ClCompile>
    <ClCompile Include="src\gl_texture_functions.c">
      <Filter>Source Files\Renderer\OpenGL %28Common%29</Filter>
    </ClCompile>
    <ClCompile Include="src\glm_main.c">
      <Filter>Source Files\Renderer\OpenGL %28Modern%29</Filter>
    </ClCompile>
    <ClCompile Include="src\r_brushmodel_load.c">
      <Filter>Source Files\Renderer\Common</Filter>
    </ClCompile>
    <ClCompile Include="src\glc_aliasmodel_mesh.c">
      <Filter>Source Files\Renderer\OpenGL %28Classic%29</Filter>
    </ClCompile>
    <ClCompile Include="src\vk_graphics_pipeline.c">
      <Filter>Source Files\Renderer\Vulkan</Filter>
    </ClCompile>
    <ClCompile Include="src\minizip\ioapi.c">
      <Filter>Source Files\Minizip</Filter>
    </ClCompile>
    <ClCompile Include="src\minizip\unzip.c">
      <Filter>Source Files\Minizip</Filter>
    </ClCompile>
    <ClCompile Include="src\glc_framebuffer.c">
      <Filter>Source Files\Renderer\OpenGL %28Classic%29</Filter>
    </ClCompile>
    <ClCompile Include="src\glsl\glc\.glc_post_process_screen.fragment.glsl.c">
      <Filter>Source Files\Renderer\OpenGL %28Classic%29\GLSL\Generated</Filter>
    </ClCompile>
    <ClCompile Include="src\glsl\glc\.glc_post_process_screen.vertex.glsl.c">
      <Filter>Source Files\Renderer\OpenGL %28Classic%29\GLSL\Generated</Filter>
    </ClCompile>
    <ClCompile Include="src\gl_program.c">
      <Filter>Source Files\Renderer\OpenGL %28Common%29</Filter>
    </ClCompile>
    <ClCompile Include="src\r_draw_polygon.c">
      <Filter>Source Files\Renderer\Common\HUD</Filter>
    </ClCompile>
    <ClCompile Include="src\r_draw_circle.c">
      <Filter>Source Files\Renderer\Common\HUD</Filter>
    </ClCompile>
    <ClCompile Include="src\r_draw_image.c">
      <Filter>Source Files\Renderer\Common\HUD</Filter>
    </ClCompile>
    <ClCompile Include="src\r_draw_line.c">
      <Filter>Source Files\Renderer\Common\HUD</Filter>
    </ClCompile>
    <ClCompile Include="src\r_hud.c">
      <Filter>Source Files\Renderer\Common\HUD</Filter>
    </ClCompile>
    <ClCompile Include="src\r_draw_charset.c">
      <Filter>Source Files\Renderer\Common\HUD</Filter>
    </ClCompile>
    <ClCompile Include="src\cl_skygroups.c">
      <Filter>Source Files</Filter>
    </ClCompile>
    <ClCompile Include="src\sbar.c">
      <Filter>Source Files\Renderer\Common</Filter>
    </ClCompile>
    <ClCompile Include="src\r_part_trails.c">
      <Filter>Source Files</Filter>
    </ClCompile>
    <ClCompile Include="src\r_particles_qmb_trails.c">
      <Filter>Source Files\Renderer\Common</Filter>
    </ClCompile>
    <ClCompile Include="src\settings_page.c">
      <Filter>Source Files\UserInterface</Filter>
    </ClCompile>
    <ClCompile Include="src\glsl\.fx_world_geometry.fragment.glsl.c">
      <Filter>Source Files\Renderer\OpenGL %28Modern%29\GLSL\Generated</Filter>
    </ClCompile>
    <ClCompile Include="src\glsl\.fx_world_geometry.vertex.glsl.c">
      <Filter>Source Files\Renderer\OpenGL %28Modern%29\GLSL\Generated</Filter>
    </ClCompile>
    <ClCompile Include="src\ez_button.c">
      <Filter>Source Files\UserInterface\Junk</Filter>
    </ClCompile>
    <ClCompile Include="src\ez_controls.c">
      <Filter>Source Files\UserInterface\Junk</Filter>
    </ClCompile>
    <ClCompile Include="src\ez_label.c">
      <Filter>Source Files\UserInterface\Junk</Filter>
    </ClCompile>
    <ClCompile Include="src\ez_listview.c">
      <Filter>Source Files\UserInterface\Junk</Filter>
    </ClCompile>
    <ClCompile Include="src\ez_listviewitem.c">
      <Filter>Source Files\UserInterface\Junk</Filter>
    </ClCompile>
    <ClCompile Include="src\ez_scrollbar.c">
      <Filter>Source Files\UserInterface\Junk</Filter>
    </ClCompile>
    <ClCompile Include="src\ez_scrollpane.c">
      <Filter>Source Files\UserInterface\Junk</Filter>
    </ClCompile>
    <ClCompile Include="src\ez_slider.c">
      <Filter>Source Files\UserInterface\Junk</Filter>
    </ClCompile>
    <ClCompile Include="src\ez_window.c">
      <Filter>Source Files\UserInterface\Junk</Filter>
    </ClCompile>
    <ClCompile Include="src\help_files.c">
      <Filter>Source Files\UserInterface\Junk</Filter>
    </ClCompile>
    <ClCompile Include="src\cl_slist.c">
      <Filter>Source Files\UserInterface\Junk</Filter>
    </ClCompile>
    <ClCompile Include="src\Ctrl_PageViewer.c">
      <Filter>Source Files\UserInterface\Junk</Filter>
    </ClCompile>
    <ClCompile Include="src\xsd.c">
      <Filter>Source Files\UserInterface\Junk</Filter>
    </ClCompile>
    <ClCompile Include="src\document_rendering.c">
      <Filter>Source Files\UserInterface\Junk</Filter>
    </ClCompile>
    <ClCompile Include="src\xsd_document.c">
      <Filter>Source Files\UserInterface\Junk</Filter>
    </ClCompile>
    <ClCompile Include="src\glsl\glc\.glc_sky.fragment.glsl.c">
      <Filter>Source Files\Renderer\OpenGL %28Classic%29\GLSL\Generated</Filter>
    </ClCompile>
    <ClCompile Include="src\glsl\glc\.glc_sky.vertex.glsl.c">
      <Filter>Source Files\Renderer\OpenGL %28Classic%29\GLSL\Generated</Filter>
    </ClCompile>
    <ClCompile Include="src\glsl\glc\.glc_turbsurface.fragment.glsl.c">
      <Filter>Source Files\Renderer\OpenGL %28Classic%29\GLSL\Generated</Filter>
    </ClCompile>
    <ClCompile Include="src\glsl\glc\.glc_turbsurface.vertex.glsl.c">
      <Filter>Source Files\Renderer\OpenGL %28Classic%29\GLSL\Generated</Filter>
    </ClCompile>
    <ClCompile Include="src\glsl\glc\.glc_caustics.fragment.glsl.c">
      <Filter>Source Files\Renderer\OpenGL %28Classic%29\GLSL\Generated</Filter>
    </ClCompile>
    <ClCompile Include="src\glsl\glc\.glc_caustics.vertex.glsl.c">
      <Filter>Source Files\Renderer\OpenGL %28Classic%29\GLSL\Generated</Filter>
    </ClCompile>
    <ClCompile Include="src\glsl\glc\.glc_aliasmodel_std.fragment.glsl.c">
      <Filter>Source Files\Renderer\OpenGL %28Classic%29\GLSL\Generated</Filter>
    </ClCompile>
    <ClCompile Include="src\glsl\glc\.glc_aliasmodel_std.vertex.glsl.c">
      <Filter>Source Files\Renderer\OpenGL %28Classic%29\GLSL\Generated</Filter>
    </ClCompile>
    <ClCompile Include="src\glsl\glc\.glc_aliasmodel_shell.fragment.glsl.c">
      <Filter>Source Files\Renderer\OpenGL %28Classic%29\GLSL\Generated</Filter>
    </ClCompile>
    <ClCompile Include="src\glsl\glc\.glc_aliasmodel_shell.vertex.glsl.c">
      <Filter>Source Files\Renderer\OpenGL %28Classic%29\GLSL\Generated</Filter>
    </ClCompile>
    <ClCompile Include="src\glsl\glc\.glc_aliasmodel_shadow.fragment.glsl.c">
      <Filter>Source Files\Renderer\OpenGL %28Classic%29\GLSL\Generated</Filter>
    </ClCompile>
    <ClCompile Include="src\glsl\glc\.glc_aliasmodel_shadow.vertex.glsl.c">
      <Filter>Source Files\Renderer\OpenGL %28Classic%29\GLSL\Generated</Filter>
    </ClCompile>
    <ClCompile Include="src\glsl\glc\.glc_world_drawflat.fragment.glsl.c">
      <Filter>Source Files\Renderer\OpenGL %28Classic%29\GLSL\Generated</Filter>
    </ClCompile>
    <ClCompile Include="src\glsl\glc\.glc_world_drawflat.vertex.glsl.c">
      <Filter>Source Files\Renderer\OpenGL %28Classic%29\GLSL\Generated</Filter>
    </ClCompile>
    <ClCompile Include="src\glsl\glc\.glc_world_textured.fragment.glsl.c">
      <Filter>Source Files\Renderer\OpenGL %28Classic%29\GLSL\Generated</Filter>
    </ClCompile>
    <ClCompile Include="src\glsl\glc\.glc_world_textured.vertex.glsl.c">
      <Filter>Source Files\Renderer\OpenGL %28Classic%29\GLSL\Generated</Filter>
    </ClCompile>
    <ClCompile Include="src\glsl\glc\.glc_world_secondpass.fragment.glsl.c">
      <Filter>Source Files\Renderer\OpenGL %28Classic%29\GLSL\Generated</Filter>
    </ClCompile>
    <ClCompile Include="src\glsl\glc\.glc_world_secondpass.vertex.glsl.c">
      <Filter>Source Files\Renderer\OpenGL %28Classic%29\GLSL\Generated</Filter>
    </ClCompile>
    <ClCompile Include="src\glsl\glc\.glc_draw_sprites.fragment.glsl.c">
      <Filter>Source Files\Renderer\OpenGL %28Classic%29\GLSL\Generated</Filter>
    </ClCompile>
    <ClCompile Include="src\glsl\glc\.glc_draw_sprites.vertex.glsl.c">
      <Filter>Source Files\Renderer\OpenGL %28Classic%29\GLSL\Generated</Filter>
    </ClCompile>
    <ClCompile Include="src\hud_centerprint.c">
      <Filter>Source Files\HUD</Filter>
    </ClCompile>
    <ClCompile Include="src\hud_qtv.c">
      <Filter>Source Files\HUD</Filter>
    </ClCompile>
    <ClCompile Include="src\glsl\glc\.glc_hud_images.fragment.glsl.c">
      <Filter>Source Files\Renderer\OpenGL %28Classic%29\GLSL\Generated</Filter>
    </ClCompile>
    <ClCompile Include="src\glsl\glc\.glc_hud_images.vertex.glsl.c">
      <Filter>Source Files\Renderer\OpenGL %28Classic%29\GLSL\Generated</Filter>
    </ClCompile>
    <ClCompile Include="src\demo_controls.c">
      <Filter>Source Files\UserInterface\Junk</Filter>
    </ClCompile>
    <ClCompile Include="src\vk_renderpass.c">
      <Filter>Source Files\Renderer\Vulkan</Filter>
    </ClCompile>
    <ClCompile Include="src\vk_blending.c">
      <Filter>Source Files\Renderer\Vulkan</Filter>
    </ClCompile>
    <ClCompile Include="src\vk_textures.c">
      <Filter>Source Files\Renderer\Vulkan</Filter>
    </ClCompile>
    <ClCompile Include="src\vid_common_gl.c">
      <Filter>Source Files\Renderer\OpenGL %28Common%29</Filter>
    </ClCompile>
    <ClCompile Include="src\vk_state.c">
      <Filter>Source Files\Renderer\Vulkan</Filter>
    </ClCompile>
    <ClCompile Include="src\vk_program.c">
      <Filter>Source Files\Renderer\Vulkan</Filter>
    </ClCompile>
    <ClCompile Include="src\vk_rmain.c">
      <Filter>Source Files\Renderer\Vulkan</Filter>
    </ClCompile>
    <ClCompile Include="src\vk_aliasmodel.c">
      <Filter>Source Files\Renderer\Vulkan</Filter>
    </ClCompile>
    <ClCompile Include="src\vk_particles.c">
      <Filter>Source Files\Renderer\Vulkan</Filter>
    </ClCompile>
    <ClCompile Include="src\vk_sprite.c">
      <Filter>Source Files\Renderer\Vulkan</Filter>
    </ClCompile>
    <ClCompile Include="src\vk_rsurf.c">
      <Filter>Source Files\Renderer\Vulkan</Filter>
    </ClCompile>
    <ClCompile Include="src\vk_performance.c">
      <Filter>Source Files\Renderer\Vulkan</Filter>
    </ClCompile>
    <ClCompile Include="src\vk_framebuffer.c">
      <Filter>Source Files\Renderer\Vulkan</Filter>
    </ClCompile>
    <ClCompile Include="src\vk_command_buffer.c">
      <Filter>Source Files\Renderer\Vulkan</Filter>
    </ClCompile>
    <ClCompile Include="src\vk_command_pool.c">
      <Filter>Source Files\Renderer\Vulkan</Filter>
    </ClCompile>
    <ClCompile Include="src\vk_image_view.c">
      <Filter>Source Files\Renderer\Vulkan</Filter>
    </ClCompile>
    <ClCompile Include="src\glsl\vulkan\.hud_draw_image.frag.spv.c">
      <Filter>Source Files\Renderer\Vulkan\Shaders\Generated</Filter>
    </ClCompile>
    <ClCompile Include="src\glsl\vulkan\.hud_draw_image.vert.spv.c">
      <Filter>Source Files\Renderer\Vulkan\Shaders\Generated</Filter>
    </ClCompile>
    <ClCompile Include="src\vk_descriptor_pool.c">
      <Filter>Source Files\Renderer\Vulkan</Filter>
    </ClCompile>
    <ClCompile Include="src\vk_descriptorset_layouts.c">
      <Filter>Source Files\Renderer\Vulkan</Filter>
    </ClCompile>
    <ClCompile Include="src\vk_semaphore.c">
      <Filter>Source Files\Renderer\Vulkan</Filter>
    </ClCompile>
    <ClCompile Include="src\glm_state.c">
      <Filter>Source Files\Renderer\OpenGL %28Modern%29</Filter>
    </ClCompile>
    <ClCompile Include="src\gl_aliasmodel_md3.c">
      <Filter>Source Files\Renderer\OpenGL %28Common%29</Filter>
    </ClCompile>
    <ClCompile Include="src\central.c">
      <Filter>Source Files</Filter>
    </ClCompile>
    <ClCompile Include="src\glsl\.simple.fragment.glsl.c">
      <Filter>Source Files\Renderer\OpenGL %28Modern%29\GLSL\Generated</Filter>
    </ClCompile>
    <ClCompile Include="src\glsl\.simple.vertex.glsl.c">
      <Filter>Source Files\Renderer\OpenGL %28Modern%29\GLSL\Generated</Filter>
    </ClCompile>
    <ClCompile Include="src\glsl\.simple3d.fragment.glsl.c">
      <Filter>Source Files\Renderer\OpenGL %28Modern%29\GLSL\Generated</Filter>
    </ClCompile>
    <ClCompile Include="src\glsl\.simple3d.vertex.glsl.c">
      <Filter>Source Files\Renderer\OpenGL %28Modern%29\GLSL\Generated</Filter>
    </ClCompile>
    <ClCompile Include=".help_variables.json.c">
      <Filter>Source Files\Documentation\Generated</Filter>
    </ClCompile>
    <ClCompile Include=".help_macros.json.c">
      <Filter>Source Files\Documentation\Generated</Filter>
    </ClCompile>
    <ClCompile Include=".help_commands.json.c">
      <Filter>Source Files\Documentation\Generated</Filter>
    </ClCompile>
    <ClCompile Include=".help_cmdline_params.json.c">
      <Filter>Source Files\Documentation\Generated</Filter>
    </ClCompile>
    <ClCompile Include="src\gl_sdl.c">
      <Filter>Source Files\Renderer\OpenGL %28Common%29</Filter>
    </ClCompile>
    <ClCompile Include="src\ezquake-icon.c">
      <Filter>Source Files</Filter>
    </ClCompile>
  </ItemGroup>
  <ItemGroup>
    <ClInclude Include="src\adivtab.h">
      <Filter>Source Files</Filter>
    </ClInclude>
    <ClInclude Include="src\anorm_dots.h">
      <Filter>Source Files</Filter>
    </ClInclude>
    <ClInclude Include="src\anorms.h">
      <Filter>Source Files</Filter>
    </ClInclude>
    <ClInclude Include="src\block8.h">
      <Filter>Source Files</Filter>
    </ClInclude>
    <ClInclude Include="src\block16.h">
      <Filter>Source Files</Filter>
    </ClInclude>
    <ClInclude Include="src\bspfile.h">
      <Filter>Source Files</Filter>
    </ClInclude>
    <ClInclude Include="src\cl_view.h">
      <Filter>Source Files</Filter>
    </ClInclude>
    <ClInclude Include="src\client.h">
      <Filter>Source Files</Filter>
    </ClInclude>
    <ClInclude Include="src\cmd.h">
      <Filter>Source Files</Filter>
    </ClInclude>
    <ClInclude Include="src\cmodel.h">
      <Filter>Source Files</Filter>
    </ClInclude>
    <ClInclude Include="src\common.h">
      <Filter>Source Files</Filter>
    </ClInclude>
    <ClInclude Include="src\q_platform.h">
      <Filter>Source Files</Filter>
    </ClInclude>
    <ClInclude Include="src\common_draw.h">
      <Filter>Source Files</Filter>
    </ClInclude>
    <ClInclude Include="src\config_manager.h">
      <Filter>Source Files</Filter>
    </ClInclude>
    <ClInclude Include="src\console.h">
      <Filter>Source Files</Filter>
    </ClInclude>
    <ClInclude Include="src\crc.h">
      <Filter>Source Files</Filter>
    </ClInclude>
    <ClInclude Include="src\cvar.h">
      <Filter>Source Files</Filter>
    </ClInclude>
    <ClInclude Include="src\cvar_groups.h">
      <Filter>Source Files</Filter>
    </ClInclude>
    <ClInclude Include="src\draw.h">
      <Filter>Source Files</Filter>
    </ClInclude>
    <ClInclude Include="src\fchecks.h">
      <Filter>Source Files</Filter>
    </ClInclude>
    <ClInclude Include="src\fmod.h">
      <Filter>Source Files</Filter>
    </ClInclude>
    <ClInclude Include="src\fs.h">
      <Filter>Source Files</Filter>
    </ClInclude>
    <ClInclude Include="src\hash.h">
      <Filter>Source Files</Filter>
    </ClInclude>
    <ClInclude Include="src\ignore.h">
      <Filter>Source Files</Filter>
    </ClInclude>
    <ClInclude Include="src\image.h">
      <Filter>Source Files</Filter>
    </ClInclude>
    <ClInclude Include="src\input.h">
      <Filter>Source Files</Filter>
    </ClInclude>
    <ClInclude Include="src\irc.h">
      <Filter>Source Files</Filter>
    </ClInclude>
    <ClInclude Include="src\irc_filter.h">
      <Filter>Source Files</Filter>
    </ClInclude>
    <ClInclude Include="src\keys.h">
      <Filter>Source Files</Filter>
    </ClInclude>
    <ClInclude Include="src\localtime.h">
      <Filter>Source Files</Filter>
    </ClInclude>
    <ClInclude Include="src\logging.h">
      <Filter>Source Files</Filter>
    </ClInclude>
    <ClInclude Include="src\mathlib.h">
      <Filter>Source Files</Filter>
    </ClInclude>
    <ClInclude Include="src\modelgen.h">
      <Filter>Source Files</Filter>
    </ClInclude>
    <ClInclude Include="src\movie.h">
      <Filter>Source Files</Filter>
    </ClInclude>
    <ClInclude Include="src\movie_avi.h">
      <Filter>Source Files</Filter>
    </ClInclude>
    <ClInclude Include="src\mvd_utils.h">
      <Filter>Source Files</Filter>
    </ClInclude>
    <ClInclude Include="src\mvd_utils_common.h">
      <Filter>Source Files</Filter>
    </ClInclude>
    <ClInclude Include="src\net.h">
      <Filter>Source Files</Filter>
    </ClInclude>
    <ClInclude Include="src\parser.h">
      <Filter>Source Files</Filter>
    </ClInclude>
    <ClInclude Include="src\pmove.h">
      <Filter>Source Files</Filter>
    </ClInclude>
    <ClInclude Include="src\q_shared.h">
      <Filter>Source Files</Filter>
    </ClInclude>
    <ClInclude Include="src\qsound.h">
      <Filter>Source Files</Filter>
    </ClInclude>
    <ClInclude Include="src\qtv.h">
      <Filter>Source Files</Filter>
    </ClInclude>
    <ClInclude Include="src\quakedef.h">
      <Filter>Source Files</Filter>
    </ClInclude>
    <ClInclude Include="src\qwsvdef.h">
      <Filter>Source Files</Filter>
    </ClInclude>
    <ClInclude Include="src\rulesets.h">
      <Filter>Source Files</Filter>
    </ClInclude>
    <ClInclude Include="src\screen.h">
      <Filter>Source Files</Filter>
    </ClInclude>
    <ClInclude Include="src\sha1.h">
      <Filter>Source Files</Filter>
    </ClInclude>
    <ClInclude Include="src\spritegn.h">
      <Filter>Source Files</Filter>
    </ClInclude>
    <ClInclude Include="src\stats_grid.h">
      <Filter>Source Files</Filter>
    </ClInclude>
    <ClInclude Include="src\sys.h">
      <Filter>Source Files</Filter>
    </ClInclude>
    <ClInclude Include="src\teamplay.h">
      <Filter>Source Files</Filter>
    </ClInclude>
    <ClInclude Include="src\textencoding.h">
      <Filter>Source Files</Filter>
    </ClInclude>
    <ClInclude Include="src\tp_msgs.h">
      <Filter>Source Files</Filter>
    </ClInclude>
    <ClInclude Include="src\tp_triggers.h">
      <Filter>Source Files</Filter>
    </ClInclude>
    <ClInclude Include="src\tr_types.h">
      <Filter>Source Files</Filter>
    </ClInclude>
    <ClInclude Include="src\utils.h">
      <Filter>Source Files</Filter>
    </ClInclude>
    <ClInclude Include="src\version.h">
      <Filter>Source Files</Filter>
    </ClInclude>
    <ClInclude Include="src\vid.h">
      <Filter>Source Files</Filter>
    </ClInclude>
    <ClInclude Include="src\wad.h">
      <Filter>Source Files</Filter>
    </ClInclude>
    <ClInclude Include="src\zone.h">
      <Filter>Source Files</Filter>
    </ClInclude>
    <ClInclude Include="src\pr_comp.h">
      <Filter>Source Files\Server</Filter>
    </ClInclude>
    <ClInclude Include="src\vm.h">
      <Filter>Source Files\Server</Filter>
    </ClInclude>
    <ClInclude Include="src\vm_local.h">
      <Filter>Source Files\Server</Filter>
    </ClInclude>
    <ClInclude Include="src\pr2.h">
      <Filter>Source Files\Server</Filter>
    </ClInclude>
    <ClInclude Include="src\progdefs.h">
      <Filter>Source Files\Server</Filter>
    </ClInclude>
    <ClInclude Include="src\progs.h">
      <Filter>Source Files\Server</Filter>
    </ClInclude>
    <ClInclude Include="src\sv_log.h">
      <Filter>Source Files\Server</Filter>
    </ClInclude>
    <ClInclude Include="src\sv_mod_frags.h">
      <Filter>Source Files\Server</Filter>
    </ClInclude>
    <ClInclude Include="src\sv_world.h">
      <Filter>Source Files\Server</Filter>
    </ClInclude>
    <ClInclude Include="src\fonts.h">
      <Filter>Source Files</Filter>
    </ClInclude>
    <ClInclude Include="src\hud_common.h">
      <Filter>Source Files\HUD</Filter>
    </ClInclude>
    <ClInclude Include="src\hud_editor.h">
      <Filter>Source Files\HUD</Filter>
    </ClInclude>
    <ClInclude Include="src\hud.h">
      <Filter>Source Files\HUD</Filter>
    </ClInclude>
    <ClInclude Include="src\help.h">
      <Filter>Source Files\Documentation</Filter>
    </ClInclude>
    <ClInclude Include="src\Ctrl.h">
      <Filter>Source Files\UserInterface</Filter>
    </ClInclude>
    <ClInclude Include="src\Ctrl_EditBox.h">
      <Filter>Source Files\UserInterface</Filter>
    </ClInclude>
    <ClInclude Include="src\Ctrl_Tab.h">
      <Filter>Source Files\UserInterface</Filter>
    </ClInclude>
    <ClInclude Include="src\EX_FileList.h">
      <Filter>Source Files\UserInterface</Filter>
    </ClInclude>
    <ClInclude Include="src\EX_qtvlist.h">
      <Filter>Source Files\UserInterface</Filter>
    </ClInclude>
    <ClInclude Include="src\EX_browser.h">
      <Filter>Source Files\UserInterface\ServerBrowser</Filter>
    </ClInclude>
    <ClInclude Include="src\menu.h">
      <Filter>Source Files\UserInterface\Menu</Filter>
    </ClInclude>
    <ClInclude Include="src\menu_demo.h">
      <Filter>Source Files\UserInterface\Menu</Filter>
    </ClInclude>
    <ClInclude Include="src\menu_ingame.h">
      <Filter>Source Files\UserInterface\Menu</Filter>
    </ClInclude>
    <ClInclude Include="src\menu_multiplayer.h">
      <Filter>Source Files\UserInterface\Menu</Filter>
    </ClInclude>
    <ClInclude Include="src\menu_options.h">
      <Filter>Source Files\UserInterface\Menu</Filter>
    </ClInclude>
    <ClInclude Include="src\menu_proxy.h">
      <Filter>Source Files\UserInterface\Menu</Filter>
    </ClInclude>
    <ClInclude Include="src\server.h">
      <Filter>Source Files\Server</Filter>
    </ClInclude>
    <ClInclude Include="src\glm_brushmodel.h">
      <Filter>Source Files\Renderer\OpenGL %28Modern%29</Filter>
    </ClInclude>
    <ClInclude Include="src\glm_texture_arrays.h">
      <Filter>Source Files\Renderer\OpenGL %28Modern%29</Filter>
    </ClInclude>
    <ClInclude Include="src\gl_model.h">
      <Filter>Source Files\Renderer\Common</Filter>
    </ClInclude>
    <ClInclude Include="src\g_public.h">
      <Filter>Source Files\Server</Filter>
    </ClInclude>
    <ClInclude Include="src\r_performance.h">
      <Filter>Source Files\Renderer\Common</Filter>
    </ClInclude>
    <ClInclude Include="src\r_shared.h">
      <Filter>Source Files\Renderer\Common</Filter>
    </ClInclude>
    <ClInclude Include="src\render.h">
      <Filter>Source Files\Renderer\Common</Filter>
    </ClInclude>
    <ClInclude Include="src\vx_camera.h">
      <Filter>Source Files\Renderer\Common</Filter>
    </ClInclude>
    <ClInclude Include="src\vx_stuff.h">
      <Filter>Source Files\Renderer\Common</Filter>
    </ClInclude>
    <ClInclude Include="src\vfs_tar.h">
      <Filter>Source Files\FileSystem</Filter>
    </ClInclude>
    <ClInclude Include="src\vfs.h">
      <Filter>Source Files\FileSystem</Filter>
    </ClInclude>
    <ClInclude Include="src\cdaudio.h">
      <Filter>Source Files\Audio</Filter>
    </ClInclude>
    <ClInclude Include="src\vx_tracker.h">
      <Filter>Source Files\HUD</Filter>
    </ClInclude>
    <ClInclude Include="src\macro_definitions.h">
      <Filter>Source Files</Filter>
    </ClInclude>
    <ClInclude Include="src\macro_ids.h">
      <Filter>Header Files</Filter>
    </ClInclude>
    <ClInclude Include="src\cmdline_params.h">
      <Filter>Source Files</Filter>
    </ClInclude>
    <ClInclude Include="src\cmdline_params_ids.h">
      <Filter>Source Files</Filter>
    </ClInclude>
    <ClInclude Include="src\vk_local.h">
      <Filter>Source Files\Renderer\Vulkan</Filter>
    </ClInclude>
    <ClInclude Include="src\r_framestats.h">
      <Filter>Source Files\Renderer\Common</Filter>
    </ClInclude>
    <ClInclude Include="src\r_texture.h">
      <Filter>Source Files\Renderer\Common</Filter>
    </ClInclude>
    <ClInclude Include="src\qmb_particles.h">
      <Filter>Source Files\Renderer\Common</Filter>
    </ClInclude>
    <ClInclude Include="src\r_matrix.h">
      <Filter>Source Files\Renderer\Common</Filter>
    </ClInclude>
    <ClInclude Include="src\r_trace.h">
      <Filter>Source Files\Renderer\Common</Filter>
    </ClInclude>
    <ClInclude Include="src\r_local.h">
      <Filter>Source Files\Renderer\Common</Filter>
    </ClInclude>
    <ClInclude Include="src\r_lightmaps.h">
      <Filter>Source Files\Renderer\Common</Filter>
    </ClInclude>
    <ClInclude Include="src\r_chaticons.h">
      <Filter>Source Files\Renderer\Common</Filter>
    </ClInclude>
    <ClInclude Include="src\glm_particles.h">
      <Filter>Source Files\Renderer\OpenGL %28Modern%29</Filter>
    </ClInclude>
    <ClInclude Include="src\glm_vao.h">
      <Filter>Source Files\Renderer\OpenGL %28Modern%29</Filter>
    </ClInclude>
    <ClInclude Include="src\r_vao.h">
      <Filter>Source Files\Renderer\Common</Filter>
    </ClInclude>
    <ClInclude Include="src\r_state.h">
      <Filter>Source Files\Renderer\Common</Filter>
    </ClInclude>
    <ClInclude Include="src\glc_vao.h">
      <Filter>Source Files\Renderer\OpenGL %28Classic%29</Filter>
    </ClInclude>
    <ClInclude Include="src\vk_vao.h">
      <Filter>Source Files\Renderer\Vulkan</Filter>
    </ClInclude>
    <ClInclude Include="src\glc_state.h">
      <Filter>Source Files\Renderer\OpenGL %28Classic%29</Filter>
    </ClInclude>
    <ClInclude Include="src\r_lighting.h">
      <Filter>Source Files\Renderer\Common</Filter>
    </ClInclude>
    <ClInclude Include="src\r_brushmodel.h">
      <Filter>Source Files\Renderer\Common</Filter>
    </ClInclude>
    <ClInclude Include="src\particles_classic.h">
      <Filter>Source Files\Renderer\Common</Filter>
    </ClInclude>
    <ClInclude Include="src\r_sprite3d.h">
      <Filter>Source Files\Renderer\Common</Filter>
    </ClInclude>
    <ClInclude Include="src\r_draw.h">
      <Filter>Source Files\Renderer\Common</Filter>
    </ClInclude>
    <ClInclude Include="src\glc_matrix.h">
      <Filter>Source Files\Renderer\OpenGL %28Classic%29</Filter>
    </ClInclude>
    <ClInclude Include="src\glc_local.h">
      <Filter>Source Files\Renderer\OpenGL %28Classic%29</Filter>
    </ClInclude>
    <ClInclude Include="src\r_buffers.h">
      <Filter>Source Files\Renderer\Common</Filter>
    </ClInclude>
    <ClInclude Include="src\vx_vertexlights.h">
      <Filter>Source Files\Renderer\Common</Filter>
    </ClInclude>
    <ClInclude Include="src\r_sprite3d_internal.h">
      <Filter>Source Files\Renderer\Common</Filter>
    </ClInclude>
    <ClInclude Include="src\glm_draw.h">
      <Filter>Source Files\Renderer\OpenGL %28Modern%29</Filter>
    </ClInclude>
    <ClInclude Include="src\r_brushmodel_warpsurfaces_sin.h">
      <Filter>Source Files\Renderer\Common</Filter>
    </ClInclude>
    <ClInclude Include="src\r_brushmodel_sky.h">
      <Filter>Source Files\Renderer\Common</Filter>
    </ClInclude>
    <ClInclude Include="src\r_aliasmodel_md3.h">
      <Filter>Source Files\Renderer\Common</Filter>
    </ClInclude>
    <ClInclude Include="src\r_lightmaps_internal.h">
      <Filter>Source Files\Renderer\Common</Filter>
    </ClInclude>
    <ClInclude Include="src\r_particles_qmb.h">
      <Filter>Source Files\Renderer\Common</Filter>
    </ClInclude>
    <ClInclude Include="src\glm_local.h">
      <Filter>Source Files\Renderer\OpenGL %28Modern%29</Filter>
    </ClInclude>
    <ClInclude Include="src\r_aliasmodel.h">
      <Filter>Source Files\Renderer\Common</Filter>
    </ClInclude>
    <ClInclude Include="src\r_texture_internal.h">
      <Filter>Source Files\Renderer\Common</Filter>
    </ClInclude>
    <ClInclude Include="src\gl_texture.h">
      <Filter>Source Files\Renderer\OpenGL %28Common%29</Filter>
    </ClInclude>
    <ClInclude Include="src\gl_texture_internal.h">
      <Filter>Source Files\Renderer\OpenGL %28Common%29</Filter>
    </ClInclude>
    <ClInclude Include="src\r_drawcalls.h">
      <Filter>Source Files\Renderer\Common</Filter>
    </ClInclude>
    <ClInclude Include="src\gl_framebuffer.h">
      <Filter>Source Files\Renderer\OpenGL %28Common%29</Filter>
    </ClInclude>
    <ClInclude Include="src\gl_local.h">
      <Filter>Source Files\Renderer\OpenGL %28Common%29</Filter>
    </ClInclude>
    <ClInclude Include="src\gl_sprite3d.h">
      <Filter>Source Files\Renderer\OpenGL %28Common%29</Filter>
    </ClInclude>
    <ClInclude Include="src\r_renderer.h">
      <Filter>Source Files\Renderer\Common</Filter>
    </ClInclude>
    <ClInclude Include="src\r_renderer_internal.h">
      <Filter>Source Files\Renderer\Common</Filter>
    </ClInclude>
    <ClInclude Include="src\r_renderer_structure.h">
      <Filter>Source Files\Renderer\Common</Filter>
    </ClInclude>
    <ClInclude Include="src\r_program.h">
      <Filter>Header Files</Filter>
    </ClInclude>
    <ClInclude Include="src\resource.h">
      <Filter>Header Files</Filter>
    </ClInclude>
    <ClInclude Include="src\minizip\ioapi.h">
      <Filter>Source Files\Minizip</Filter>
    </ClInclude>
    <ClInclude Include="src\minizip\unzip.h">
      <Filter>Source Files\Minizip</Filter>
    </ClInclude>
    <ClInclude Include="src\r_hud.h">
      <Filter>Source Files\Renderer\Common\HUD</Filter>
    </ClInclude>
    <ClInclude Include="src\sbar.h">
      <Filter>Source Files\Renderer\Common</Filter>
    </ClInclude>
    <ClInclude Include="src\settings_page.h">
      <Filter>Source Files\UserInterface</Filter>
    </ClInclude>
    <ClInclude Include="src\settings.h">
      <Filter>Source Files\UserInterface</Filter>
    </ClInclude>
    <ClInclude Include="src\r_enums.h">
      <Filter>Source Files\Renderer\Common</Filter>
    </ClInclude>
    <ClInclude Include="src\r_sprites.h">
      <Filter>Source Files\Renderer\Common</Filter>
    </ClInclude>
    <ClInclude Include="src\help_internal.h">
      <Filter>Source Files\Documentation</Filter>
    </ClInclude>
    <ClInclude Include="src\central.h">
      <Filter>Source Files</Filter>
    </ClInclude>
    <ClInclude Include="src\qwprot\src\protocol.h">
      <Filter>Header Files</Filter>
    </ClInclude>
    <ClInclude Include="src\.msversion.h">
      <Filter>Header Files\Generated</Filter>
    </ClInclude>
  </ItemGroup>
  <ItemGroup>
    <CustomBuild Include="src\glsl\common.glsl">
      <Filter>Source Files\Renderer\OpenGL %28Modern%29\GLSL</Filter>
    </CustomBuild>
    <CustomBuild Include="src\glsl\constants.glsl">
      <Filter>Source Files\Renderer\OpenGL %28Modern%29\GLSL</Filter>
    </CustomBuild>
    <CustomBuild Include="src\glsl\post_process_screen.fragment.glsl">
      <Filter>Source Files\Renderer\OpenGL %28Modern%29\GLSL</Filter>
    </CustomBuild>
    <CustomBuild Include="src\glsl\post_process_screen.vertex.glsl">
      <Filter>Source Files\Renderer\OpenGL %28Modern%29\GLSL</Filter>
    </CustomBuild>
    <CustomBuild Include="src\glsl\lighting.compute.glsl">
      <Filter>Source Files\Renderer\OpenGL %28Modern%29\GLSL</Filter>
    </CustomBuild>
    <CustomBuild Include="src\glsl\hud_draw_line.fragment.glsl">
      <Filter>Source Files\Renderer\OpenGL %28Modern%29\GLSL</Filter>
    </CustomBuild>
    <CustomBuild Include="src\glsl\hud_draw_line.vertex.glsl">
      <Filter>Source Files\Renderer\OpenGL %28Modern%29\GLSL</Filter>
    </CustomBuild>
    <CustomBuild Include="src\glsl\hud_draw_circle.fragment.glsl">
      <Filter>Source Files\Renderer\OpenGL %28Modern%29\GLSL</Filter>
    </CustomBuild>
    <CustomBuild Include="src\glsl\hud_draw_circle.vertex.glsl">
      <Filter>Source Files\Renderer\OpenGL %28Modern%29\GLSL</Filter>
    </CustomBuild>
    <CustomBuild Include="src\glsl\hud_draw_polygon.fragment.glsl">
      <Filter>Source Files\Renderer\OpenGL %28Modern%29\GLSL</Filter>
    </CustomBuild>
    <CustomBuild Include="src\glsl\hud_draw_polygon.vertex.glsl">
      <Filter>Source Files\Renderer\OpenGL %28Modern%29\GLSL</Filter>
    </CustomBuild>
    <CustomBuild Include="src\glsl\hud_draw_image.fragment.glsl">
      <Filter>Source Files\Renderer\OpenGL %28Modern%29\GLSL</Filter>
    </CustomBuild>
    <CustomBuild Include="src\glsl\hud_draw_image.geometry.glsl">
      <Filter>Source Files\Renderer\OpenGL %28Modern%29\GLSL</Filter>
    </CustomBuild>
    <CustomBuild Include="src\glsl\hud_draw_image.vertex.glsl">
      <Filter>Source Files\Renderer\OpenGL %28Modern%29\GLSL</Filter>
    </CustomBuild>
    <CustomBuild Include="src\glsl\draw_sprites.fragment.glsl">
      <Filter>Source Files\Renderer\OpenGL %28Modern%29\GLSL</Filter>
    </CustomBuild>
    <CustomBuild Include="src\glsl\draw_sprites.vertex.glsl">
      <Filter>Source Files\Renderer\OpenGL %28Modern%29\GLSL</Filter>
    </CustomBuild>
    <CustomBuild Include="src\glsl\draw_aliasmodel.fragment.glsl">
      <Filter>Source Files\Renderer\OpenGL %28Modern%29\GLSL</Filter>
    </CustomBuild>
    <CustomBuild Include="src\glsl\draw_aliasmodel.vertex.glsl">
      <Filter>Source Files\Renderer\OpenGL %28Modern%29\GLSL</Filter>
    </CustomBuild>
    <CustomBuild Include="src\glsl\draw_world.fragment.glsl">
      <Filter>Source Files\Renderer\OpenGL %28Modern%29\GLSL</Filter>
    </CustomBuild>
    <CustomBuild Include="src\glsl\draw_world.vertex.glsl">
      <Filter>Source Files\Renderer\OpenGL %28Modern%29\GLSL</Filter>
    </CustomBuild>
    <CustomBuild Include="src\glsl\glc\glc_post_process_screen.vertex.glsl">
      <Filter>Source Files\Renderer\OpenGL %28Classic%29\GLSL</Filter>
    </CustomBuild>
    <CustomBuild Include="src\glsl\fx_world_geometry.fragment.glsl">
      <Filter>Source Files\Renderer\OpenGL %28Modern%29\GLSL</Filter>
    </CustomBuild>
    <CustomBuild Include="src\glsl\fx_world_geometry.vertex.glsl">
      <Filter>Source Files\Renderer\OpenGL %28Modern%29\GLSL</Filter>
    </CustomBuild>
    <CustomBuild Include="src\glsl\glc\glc_turbsurface.fragment.glsl">
      <Filter>Source Files\Renderer\OpenGL %28Classic%29\GLSL</Filter>
    </CustomBuild>
    <CustomBuild Include="src\glsl\glc\glc_turbsurface.vertex.glsl">
      <Filter>Source Files\Renderer\OpenGL %28Classic%29\GLSL</Filter>
    </CustomBuild>
    <CustomBuild Include="src\glsl\glc\glc_sky.fragment.glsl">
      <Filter>Source Files\Renderer\OpenGL %28Classic%29\GLSL</Filter>
    </CustomBuild>
    <CustomBuild Include="src\glsl\glc\glc_sky.vertex.glsl">
      <Filter>Source Files\Renderer\OpenGL %28Classic%29\GLSL</Filter>
    </CustomBuild>
    <CustomBuild Include="src\glsl\glc\glc_caustics.fragment.glsl">
      <Filter>Source Files\Renderer\OpenGL %28Classic%29\GLSL</Filter>
    </CustomBuild>
    <CustomBuild Include="src\glsl\glc\glc_caustics.vertex.glsl">
      <Filter>Source Files\Renderer\OpenGL %28Classic%29\GLSL</Filter>
    </CustomBuild>
    <CustomBuild Include="src\glsl\glc\glc_aliasmodel_shell.vertex.glsl">
      <Filter>Source Files\Renderer\OpenGL %28Classic%29\GLSL</Filter>
    </CustomBuild>
    <CustomBuild Include="src\glsl\glc\glc_aliasmodel_shell.fragment.glsl">
      <Filter>Source Files\Renderer\OpenGL %28Classic%29\GLSL</Filter>
    </CustomBuild>
    <CustomBuild Include="src\glsl\glc\glc_aliasmodel_std.fragment.glsl">
      <Filter>Source Files\Renderer\OpenGL %28Classic%29\GLSL</Filter>
    </CustomBuild>
    <CustomBuild Include="src\glsl\glc\glc_aliasmodel_std.vertex.glsl">
      <Filter>Source Files\Renderer\OpenGL %28Classic%29\GLSL</Filter>
    </CustomBuild>
    <CustomBuild Include="src\glsl\glc\glc_world_drawflat.vertex.glsl">
      <Filter>Source Files\Renderer\OpenGL %28Classic%29\GLSL</Filter>
    </CustomBuild>
    <CustomBuild Include="src\glsl\glc\glc_aliasmodel_shadow.fragment.glsl">
      <Filter>Source Files\Renderer\OpenGL %28Classic%29\GLSL</Filter>
    </CustomBuild>
    <CustomBuild Include="src\glsl\glc\glc_aliasmodel_shadow.vertex.glsl">
      <Filter>Source Files\Renderer\OpenGL %28Classic%29\GLSL</Filter>
    </CustomBuild>
    <CustomBuild Include="src\glsl\glc\glc_world_drawflat.fragment.glsl">
      <Filter>Source Files\Renderer\OpenGL %28Classic%29\GLSL</Filter>
    </CustomBuild>
    <CustomBuild Include="src\glsl\glc\glc_draw_sprites.fragment.glsl">
      <Filter>Source Files\Renderer\OpenGL %28Classic%29\GLSL</Filter>
    </CustomBuild>
    <CustomBuild Include="src\glsl\glc\glc_draw_sprites.vertex.glsl">
      <Filter>Source Files\Renderer\OpenGL %28Classic%29\GLSL</Filter>
    </CustomBuild>
    <CustomBuild Include="src\glsl\glc\glc_hud_images.fragment.glsl">
      <Filter>Source Files\Renderer\OpenGL %28Classic%29\GLSL</Filter>
    </CustomBuild>
    <CustomBuild Include="src\glsl\glc\glc_hud_images.vertex.glsl">
      <Filter>Source Files\Renderer\OpenGL %28Classic%29\GLSL</Filter>
    </CustomBuild>
    <CustomBuild Include="src\glsl\glc\glc_world_secondpass.fragment.glsl">
      <Filter>Source Files\Renderer\OpenGL %28Classic%29\GLSL</Filter>
    </CustomBuild>
    <CustomBuild Include="src\glsl\glc\glc_world_secondpass.vertex.glsl">
      <Filter>Source Files\Renderer\OpenGL %28Classic%29\GLSL</Filter>
    </CustomBuild>
    <CustomBuild Include="src\glsl\glc\glc_world_textured.fragment.glsl">
      <Filter>Source Files\Renderer\OpenGL %28Classic%29\GLSL</Filter>
    </CustomBuild>
    <CustomBuild Include="src\glsl\glc\glc_world_textured.vertex.glsl">
      <Filter>Source Files\Renderer\OpenGL %28Classic%29\GLSL</Filter>
    </CustomBuild>
    <CustomBuild Include="src\glsl\vulkan\hud_draw_image.vert">
      <Filter>Source Files\Renderer\Vulkan\Shaders</Filter>
    </CustomBuild>
    <CustomBuild Include="src\glsl\vulkan\hud_draw_image.frag">
      <Filter>Source Files\Renderer\Vulkan\Shaders</Filter>
    </CustomBuild>
    <CustomBuild Include="src\glsl\vulkan\.hud_draw_image.frag.spv">
      <Filter>Source Files\Renderer\Vulkan\Shaders\SPIR-V</Filter>
    </CustomBuild>
    <CustomBuild Include="src\glsl\vulkan\.hud_draw_image.vert.spv">
      <Filter>Source Files\Renderer\Vulkan\Shaders\SPIR-V</Filter>
    </CustomBuild>
    <CustomBuild Include="src\glsl\simple.fragment.glsl">
      <Filter>Source Files\Renderer\OpenGL %28Modern%29\GLSL</Filter>
    </CustomBuild>
    <CustomBuild Include="src\glsl\simple.vertex.glsl">
      <Filter>Source Files\Renderer\OpenGL %28Modern%29\GLSL</Filter>
    </CustomBuild>
    <CustomBuild Include="src\glsl\simple3d.fragment.glsl">
      <Filter>Source Files\Renderer\OpenGL %28Modern%29\GLSL</Filter>
    </CustomBuild>
    <CustomBuild Include="src\glsl\simple3d.vertex.glsl">
      <Filter>Source Files\Renderer\OpenGL %28Modern%29\GLSL</Filter>
    </CustomBuild>
    <CustomBuild Include="help_cmdline_params.json">
      <Filter>Source Files\Documentation</Filter>
    </CustomBuild>
    <CustomBuild Include="help_commands.json">
      <Filter>Source Files\Documentation</Filter>
    </CustomBuild>
    <CustomBuild Include="help_macros.json">
      <Filter>Source Files\Documentation</Filter>
    </CustomBuild>
    <CustomBuild Include="help_variables.json">
      <Filter>Source Files\Documentation</Filter>
    </CustomBuild>
    <CustomBuild Include="src\glsl\glc\glc_post_process_screen.fragment.glsl">
      <Filter>Source Files\Renderer\OpenGL %28Classic%29\GLSL</Filter>
    </CustomBuild>
  </ItemGroup>
  <ItemGroup>
    <ResourceCompile Include="ezQuake.rc">
      <Filter>Resource Files</Filter>
    </ResourceCompile>
  </ItemGroup>
  <ItemGroup>
    <Image Include="ezquake.ico">
      <Filter>Resource Files</Filter>
    </Image>
  </ItemGroup>
</Project>