
Microsoft Visual Studio Solution File, Format Version 12.00
# Visual Studio Version 16
VisualStudioVersion = 16.0.30611.23
MinimumVisualStudioVersion = 10.0.40219.1
Project("{8BC9CEB8-8B4A-11D0-8D11-00A0C91BC942}") = "ezQuake", "ezQuake.vcxproj", "{5147CA71-1D3D-4F61-9847-87B36421C323}"
	ProjectSection(ProjectDependencies) = postProject
		{5887F9F1-8E68-4A08-9FB1-4633A8F701F1} = {5887F9F1-8E68-4A08-9FB1-4633A8F701F1}
	EndProjectSection
EndProject
Project("{8BC9CEB8-8B4A-11D0-8D11-00A0C91BC942}") = "txt2c", "misc\vstudio\txt2c\txt2c.vcxproj", "{5887F9F1-8E68-4A08-9FB1-4633A8F701F1}"
EndProject
Global
	GlobalSection(SolutionConfigurationPlatforms) = preSolution
		dbg-all|Any CPU = dbg-all|Any CPU
		dbg-all|ARM = dbg-all|ARM
		dbg-all|ARM64 = dbg-all|ARM64
		dbg-all|x64 = dbg-all|x64
		dbg-all|x86 = dbg-all|x86
		dbg-classic|Any CPU = dbg-classic|Any CPU
		dbg-classic|ARM = dbg-classic|ARM
		dbg-classic|ARM64 = dbg-classic|ARM64
		dbg-classic|x64 = dbg-classic|x64
		dbg-classic|x86 = dbg-classic|x86
		dbg-modern|Any CPU = dbg-modern|Any CPU
		dbg-modern|ARM = dbg-modern|ARM
		dbg-modern|ARM64 = dbg-modern|ARM64
		dbg-modern|x64 = dbg-modern|x64
		dbg-modern|x86 = dbg-modern|x86
		dbg-vulkan|Any CPU = dbg-vulkan|Any CPU
		dbg-vulkan|ARM = dbg-vulkan|ARM
		dbg-vulkan|ARM64 = dbg-vulkan|ARM64
		dbg-vulkan|x64 = dbg-vulkan|x64
		dbg-vulkan|x86 = dbg-vulkan|x86
		rls-all|Any CPU = rls-all|Any CPU
		rls-all|ARM = rls-all|ARM
		rls-all|ARM64 = rls-all|ARM64
		rls-all|x64 = rls-all|x64
		rls-all|x86 = rls-all|x86
		rls-classic|Any CPU = rls-classic|Any CPU
		rls-classic|ARM = rls-classic|ARM
		rls-classic|ARM64 = rls-classic|ARM64
		rls-classic|x64 = rls-classic|x64
		rls-classic|x86 = rls-classic|x86
		rls-modern|Any CPU = rls-modern|Any CPU
		rls-modern|ARM = rls-modern|ARM
		rls-modern|ARM64 = rls-modern|ARM64
		rls-modern|x64 = rls-modern|x64
		rls-modern|x86 = rls-modern|x86
	EndGlobalSection
	GlobalSection(ProjectConfigurationPlatforms) = postSolution
		{5147CA71-1D3D-4F61-9847-87B36421C323}.dbg-all|Any CPU.ActiveCfg = dbg-all|Win32
		{5147CA71-1D3D-4F61-9847-87B36421C323}.dbg-all|Any CPU.Build.0 = dbg-all|Win32
		{5147CA71-1D3D-4F61-9847-87B36421C323}.dbg-all|ARM.ActiveCfg = dbg-all|Win32
		{5147CA71-1D3D-4F61-9847-87B36421C323}.dbg-all|ARM64.ActiveCfg = dbg-all|Win32
		{5147CA71-1D3D-4F61-9847-87B36421C323}.dbg-all|x64.ActiveCfg = dbg-all|x64
		{5147CA71-1D3D-4F61-9847-87B36421C323}.dbg-all|x64.Build.0 = dbg-all|x64
		{5147CA71-1D3D-4F61-9847-87B36421C323}.dbg-all|x86.ActiveCfg = dbg-all|Win32
		{5147CA71-1D3D-4F61-9847-87B36421C323}.dbg-all|x86.Build.0 = dbg-all|Win32
		{5147CA71-1D3D-4F61-9847-87B36421C323}.dbg-classic|Any CPU.ActiveCfg = dbg-classic|Win32
		{5147CA71-1D3D-4F61-9847-87B36421C323}.dbg-classic|Any CPU.Build.0 = dbg-classic|Win32
		{5147CA71-1D3D-4F61-9847-87B36421C323}.dbg-classic|ARM.ActiveCfg = dbg-all|x64
		{5147CA71-1D3D-4F61-9847-87B36421C323}.dbg-classic|ARM64.ActiveCfg = dbg-all|x64
		{5147CA71-1D3D-4F61-9847-87B36421C323}.dbg-classic|x64.ActiveCfg = dbg-classic|x64
		{5147CA71-1D3D-4F61-9847-87B36421C323}.dbg-classic|x64.Build.0 = dbg-classic|x64
		{5147CA71-1D3D-4F61-9847-87B36421C323}.dbg-classic|x86.ActiveCfg = dbg-classic|Win32
		{5147CA71-1D3D-4F61-9847-87B36421C323}.dbg-classic|x86.Build.0 = dbg-classic|Win32
		{5147CA71-1D3D-4F61-9847-87B36421C323}.dbg-modern|Any CPU.ActiveCfg = dbg-modern|Win32
		{5147CA71-1D3D-4F61-9847-87B36421C323}.dbg-modern|Any CPU.Build.0 = dbg-modern|Win32
		{5147CA71-1D3D-4F61-9847-87B36421C323}.dbg-modern|ARM.ActiveCfg = dbg-all|x64
		{5147CA71-1D3D-4F61-9847-87B36421C323}.dbg-modern|ARM64.ActiveCfg = dbg-all|x64
		{5147CA71-1D3D-4F61-9847-87B36421C323}.dbg-modern|x64.ActiveCfg = dbg-modern|x64
		{5147CA71-1D3D-4F61-9847-87B36421C323}.dbg-modern|x64.Build.0 = dbg-modern|x64
		{5147CA71-1D3D-4F61-9847-87B36421C323}.dbg-modern|x86.ActiveCfg = dbg-modern|Win32
		{5147CA71-1D3D-4F61-9847-87B36421C323}.dbg-modern|x86.Build.0 = dbg-modern|Win32
		{5147CA71-1D3D-4F61-9847-87B36421C323}.dbg-vulkan|Any CPU.ActiveCfg = dbg-vulkan|Win32
		{5147CA71-1D3D-4F61-9847-87B36421C323}.dbg-vulkan|Any CPU.Build.0 = dbg-vulkan|Win32
		{5147CA71-1D3D-4F61-9847-87B36421C323}.dbg-vulkan|ARM.ActiveCfg = dbg-vulkan|Win32
		{5147CA71-1D3D-4F61-9847-87B36421C323}.dbg-vulkan|ARM64.ActiveCfg = dbg-vulkan|Win32
		{5147CA71-1D3D-4F61-9847-87B36421C323}.dbg-vulkan|x64.ActiveCfg = dbg-vulkan|x64
		{5147CA71-1D3D-4F61-9847-87B36421C323}.dbg-vulkan|x64.Build.0 = dbg-vulkan|x64
		{5147CA71-1D3D-4F61-9847-87B36421C323}.dbg-vulkan|x86.ActiveCfg = dbg-vulkan|Win32
		{5147CA71-1D3D-4F61-9847-87B36421C323}.dbg-vulkan|x86.Build.0 = dbg-vulkan|Win32
		{5147CA71-1D3D-4F61-9847-87B36421C323}.rls-all|Any CPU.ActiveCfg = dbg-all|Win32
		{5147CA71-1D3D-4F61-9847-87B36421C323}.rls-all|Any CPU.Build.0 = dbg-all|Win32
		{5147CA71-1D3D-4F61-9847-87B36421C323}.rls-all|ARM.ActiveCfg = Release|Win32
		{5147CA71-1D3D-4F61-9847-87B36421C323}.rls-all|ARM64.ActiveCfg = Release|Win32
		{5147CA71-1D3D-4F61-9847-87B36421C323}.rls-all|x64.ActiveCfg = dbg-all|x64
		{5147CA71-1D3D-4F61-9847-87B36421C323}.rls-all|x64.Build.0 = dbg-all|x64
		{5147CA71-1D3D-4F61-9847-87B36421C323}.rls-all|x86.ActiveCfg = dbg-all|Win32
		{5147CA71-1D3D-4F61-9847-87B36421C323}.rls-all|x86.Build.0 = dbg-all|Win32
		{5147CA71-1D3D-4F61-9847-87B36421C323}.rls-classic|Any CPU.ActiveCfg = rls-classic|Win32
		{5147CA71-1D3D-4F61-9847-87B36421C323}.rls-classic|Any CPU.Build.0 = rls-classic|Win32
		{5147CA71-1D3D-4F61-9847-87B36421C323}.rls-classic|ARM.ActiveCfg = rls-classic|Win32
		{5147CA71-1D3D-4F61-9847-87B36421C323}.rls-classic|ARM64.ActiveCfg = rls-classic|Win32
		{5147CA71-1D3D-4F61-9847-87B36421C323}.rls-classic|x64.ActiveCfg = rls-classic|x64
		{5147CA71-1D3D-4F61-9847-87B36421C323}.rls-classic|x64.Build.0 = rls-classic|x64
		{5147CA71-1D3D-4F61-9847-87B36421C323}.rls-classic|x86.ActiveCfg = rls-classic|Win32
		{5147CA71-1D3D-4F61-9847-87B36421C323}.rls-classic|x86.Build.0 = rls-classic|Win32
		{5147CA71-1D3D-4F61-9847-87B36421C323}.rls-modern|Any CPU.ActiveCfg = rls-modern|Win32
		{5147CA71-1D3D-4F61-9847-87B36421C323}.rls-modern|Any CPU.Build.0 = rls-modern|Win32
		{5147CA71-1D3D-4F61-9847-87B36421C323}.rls-modern|ARM.ActiveCfg = rls-modern|Win32
		{5147CA71-1D3D-4F61-9847-87B36421C323}.rls-modern|ARM64.ActiveCfg = rls-modern|Win32
		{5147CA71-1D3D-4F61-9847-87B36421C323}.rls-modern|x64.ActiveCfg = rls-modern|x64
		{5147CA71-1D3D-4F61-9847-87B36421C323}.rls-modern|x64.Build.0 = rls-modern|x64
		{5147CA71-1D3D-4F61-9847-87B36421C323}.rls-modern|x86.ActiveCfg = rls-modern|Win32
		{5147CA71-1D3D-4F61-9847-87B36421C323}.rls-modern|x86.Build.0 = rls-modern|Win32
		{5887F9F1-8E68-4A08-9FB1-4633A8F701F1}.dbg-all|Any CPU.ActiveCfg = Debug|Win32
		{5887F9F1-8E68-4A08-9FB1-4633A8F701F1}.dbg-all|Any CPU.Build.0 = Debug|Win32
		{5887F9F1-8E68-4A08-9FB1-4633A8F701F1}.dbg-all|ARM.ActiveCfg = Debug|Win32
		{5887F9F1-8E68-4A08-9FB1-4633A8F701F1}.dbg-all|ARM.Build.0 = Debug|Win32
		{5887F9F1-8E68-4A08-9FB1-4633A8F701F1}.dbg-all|ARM64.ActiveCfg = Debug|Win32
		{5887F9F1-8E68-4A08-9FB1-4633A8F701F1}.dbg-all|ARM64.Build.0 = Debug|Win32
		{5887F9F1-8E68-4A08-9FB1-4633A8F701F1}.dbg-all|x64.ActiveCfg = Debug|x64
		{5887F9F1-8E68-4A08-9FB1-4633A8F701F1}.dbg-all|x64.Build.0 = Debug|x64
		{5887F9F1-8E68-4A08-9FB1-4633A8F701F1}.dbg-all|x86.ActiveCfg = Debug|Win32
		{5887F9F1-8E68-4A08-9FB1-4633A8F701F1}.dbg-all|x86.Build.0 = Debug|Win32
		{5887F9F1-8E68-4A08-9FB1-4633A8F701F1}.dbg-classic|Any CPU.ActiveCfg = Debug|Win32
		{5887F9F1-8E68-4A08-9FB1-4633A8F701F1}.dbg-classic|Any CPU.Build.0 = Debug|Win32
		{5887F9F1-8E68-4A08-9FB1-4633A8F701F1}.dbg-classic|ARM.ActiveCfg = Debug|Win32
		{5887F9F1-8E68-4A08-9FB1-4633A8F701F1}.dbg-classic|ARM.Build.0 = Debug|Win32
		{5887F9F1-8E68-4A08-9FB1-4633A8F701F1}.dbg-classic|ARM64.ActiveCfg = Debug|Win32
		{5887F9F1-8E68-4A08-9FB1-4633A8F701F1}.dbg-classic|ARM64.Build.0 = Debug|Win32
		{5887F9F1-8E68-4A08-9FB1-4633A8F701F1}.dbg-classic|x64.ActiveCfg = Debug|x64
		{5887F9F1-8E68-4A08-9FB1-4633A8F701F1}.dbg-classic|x64.Build.0 = Debug|x64
		{5887F9F1-8E68-4A08-9FB1-4633A8F701F1}.dbg-classic|x86.ActiveCfg = Debug|Win32
		{5887F9F1-8E68-4A08-9FB1-4633A8F701F1}.dbg-classic|x86.Build.0 = Debug|Win32
		{5887F9F1-8E68-4A08-9FB1-4633A8F701F1}.dbg-modern|Any CPU.ActiveCfg = Release|Win32
		{5887F9F1-8E68-4A08-9FB1-4633A8F701F1}.dbg-modern|Any CPU.Build.0 = Release|Win32
		{5887F9F1-8E68-4A08-9FB1-4633A8F701F1}.dbg-modern|ARM.ActiveCfg = Debug|Win32
		{5887F9F1-8E68-4A08-9FB1-4633A8F701F1}.dbg-modern|ARM.Build.0 = Debug|Win32
		{5887F9F1-8E68-4A08-9FB1-4633A8F701F1}.dbg-modern|ARM64.ActiveCfg = Debug|Win32
		{5887F9F1-8E68-4A08-9FB1-4633A8F701F1}.dbg-modern|ARM64.Build.0 = Debug|Win32
		{5887F9F1-8E68-4A08-9FB1-4633A8F701F1}.dbg-modern|x64.ActiveCfg = Debug|x64
		{5887F9F1-8E68-4A08-9FB1-4633A8F701F1}.dbg-modern|x64.Build.0 = Debug|x64
		{5887F9F1-8E68-4A08-9FB1-4633A8F701F1}.dbg-modern|x86.ActiveCfg = Debug|Win32
		{5887F9F1-8E68-4A08-9FB1-4633A8F701F1}.dbg-modern|x86.Build.0 = Debug|Win32
		{5887F9F1-8E68-4A08-9FB1-4633A8F701F1}.dbg-vulkan|Any CPU.ActiveCfg = Debug|Win32
		{5887F9F1-8E68-4A08-9FB1-4633A8F701F1}.dbg-vulkan|Any CPU.Build.0 = Debug|Win32
		{5887F9F1-8E68-4A08-9FB1-4633A8F701F1}.dbg-vulkan|ARM.ActiveCfg = Debug|Win32
		{5887F9F1-8E68-4A08-9FB1-4633A8F701F1}.dbg-vulkan|ARM64.ActiveCfg = Debug|Win32
		{5887F9F1-8E68-4A08-9FB1-4633A8F701F1}.dbg-vulkan|x64.ActiveCfg = Debug|x64
		{5887F9F1-8E68-4A08-9FB1-4633A8F701F1}.dbg-vulkan|x64.Build.0 = Debug|x64
		{5887F9F1-8E68-4A08-9FB1-4633A8F701F1}.dbg-vulkan|x86.ActiveCfg = Debug|Win32
		{5887F9F1-8E68-4A08-9FB1-4633A8F701F1}.dbg-vulkan|x86.Build.0 = Debug|Win32
		{5887F9F1-8E68-4A08-9FB1-4633A8F701F1}.rls-all|Any CPU.ActiveCfg = Release|Win32
		{5887F9F1-8E68-4A08-9FB1-4633A8F701F1}.rls-all|Any CPU.Build.0 = Release|Win32
		{5887F9F1-8E68-4A08-9FB1-4633A8F701F1}.rls-all|ARM.ActiveCfg = Debug|Win32
		{5887F9F1-8E68-4A08-9FB1-4633A8F701F1}.rls-all|ARM.Build.0 = Debug|Win32
		{5887F9F1-8E68-4A08-9FB1-4633A8F701F1}.rls-all|ARM64.ActiveCfg = Debug|Win32
		{5887F9F1-8E68-4A08-9FB1-4633A8F701F1}.rls-all|ARM64.Build.0 = Debug|Win32
		{5887F9F1-8E68-4A08-9FB1-4633A8F701F1}.rls-all|x64.ActiveCfg = Release|x64
		{5887F9F1-8E68-4A08-9FB1-4633A8F701F1}.rls-all|x64.Build.0 = Release|x64
		{5887F9F1-8E68-4A08-9FB1-4633A8F701F1}.rls-all|x86.ActiveCfg = Release|Win32
		{5887F9F1-8E68-4A08-9FB1-4633A8F701F1}.rls-all|x86.Build.0 = Release|Win32
		{5887F9F1-8E68-4A08-9FB1-4633A8F701F1}.rls-classic|Any CPU.ActiveCfg = Release|Win32
		{5887F9F1-8E68-4A08-9FB1-4633A8F701F1}.rls-classic|Any CPU.Build.0 = Release|Win32
		{5887F9F1-8E68-4A08-9FB1-4633A8F701F1}.rls-classic|ARM.ActiveCfg = Debug|Win32
		{5887F9F1-8E68-4A08-9FB1-4633A8F701F1}.rls-classic|ARM64.ActiveCfg = Debug|Win32
		{5887F9F1-8E68-4A08-9FB1-4633A8F701F1}.rls-classic|x64.ActiveCfg = Release|x64
		{5887F9F1-8E68-4A08-9FB1-4633A8F701F1}.rls-classic|x64.Build.0 = Release|x64
		{5887F9F1-8E68-4A08-9FB1-4633A8F701F1}.rls-classic|x86.ActiveCfg = Release|Win32
		{5887F9F1-8E68-4A08-9FB1-4633A8F701F1}.rls-classic|x86.Build.0 = Release|Win32
		{5887F9F1-8E68-4A08-9FB1-4633A8F701F1}.rls-modern|Any CPU.ActiveCfg = Release|Win32
		{5887F9F1-8E68-4A08-9FB1-4633A8F701F1}.rls-modern|Any CPU.Build.0 = Release|Win32
		{5887F9F1-8E68-4A08-9FB1-4633A8F701F1}.rls-modern|ARM.ActiveCfg = Debug|Win32
		{5887F9F1-8E68-4A08-9FB1-4633A8F701F1}.rls-modern|ARM64.ActiveCfg = Debug|Win32
		{5887F9F1-8E68-4A08-9FB1-4633A8F701F1}.rls-modern|x64.ActiveCfg = Release|x64
		{5887F9F1-8E68-4A08-9FB1-4633A8F701F1}.rls-modern|x64.Build.0 = Release|x64
		{5887F9F1-8E68-4A08-9FB1-4633A8F701F1}.rls-modern|x86.ActiveCfg = Release|Win32
		{5887F9F1-8E68-4A08-9FB1-4633A8F701F1}.rls-modern|x86.Build.0 = Release|Win32
	EndGlobalSection
	GlobalSection(SolutionProperties) = preSolution
		HideSolutionNode = FALSE
	EndGlobalSection
	GlobalSection(ExtensibilityGlobals) = postSolution
		SolutionGuid = {2CCBD1F8-8487-40C5-A71E-889C8A0E11F0}
	EndGlobalSection
	GlobalSection(Performance) = preSolution
		HasPerformanceSessions = true
	EndGlobalSection
	GlobalSection(Performance) = preSolution
		HasPerformanceSessions = true
	EndGlobalSection
	GlobalSection(Performance) = preSolution
		HasPerformanceSessions = true
	EndGlobalSection
	GlobalSection(Performance) = preSolution
		HasPerformanceSessions = true
	EndGlobalSection
EndGlobal
