Microsoft Visual Studio Solution File, Format Version 9.00
# Visual C++ Express 2005
Project("{8BC9CEB8-8B4A-11D0-8D11-00A0C91BC942}") = "ezquake", "ezquake_msvs_80.vcproj", "{222A5DBE-5433-44A7-8EC6-AFF123ABE1B5}"
EndProject
Global
	GlobalSection(SolutionConfigurationPlatforms) = preSolution
		Debug|Win32 = Debug|Win32
		GLDebug|Win32 = GLDebug|Win32
		GLRelease|Win32 = GLRelease|Win32
		Release|Win32 = Release|Win32
	EndGlobalSection
	GlobalSection(ProjectConfigurationPlatforms) = postSolution
		{222A5DBE-5433-44A7-8EC6-AFF123ABE1B5}.Debug|Win32.ActiveCfg = Debug|Win32
		{222A5DBE-5433-44A7-8EC6-AFF123ABE1B5}.Debug|Win32.Build.0 = Debug|Win32
		{222A5DBE-5433-44A7-8EC6-AFF123ABE1B5}.GLDebug|Win32.ActiveCfg = GLDebug|Win32
		{222A5DBE-5433-44A7-8EC6-AFF123ABE1B5}.GLDebug|Win32.Build.0 = GLDebug|Win32
		{222A5DBE-5433-44A7-8EC6-AFF123ABE1B5}.GLRelease|Win32.ActiveCfg = GLRelease|Win32
		{222A5DBE-5433-44A7-8EC6-AFF123ABE1B5}.GLRelease|Win32.Build.0 = GLRelease|Win32
		{222A5DBE-5433-44A7-8EC6-AFF123ABE1B5}.Release|Win32.ActiveCfg = Release|Win32
		{222A5DBE-5433-44A7-8EC6-AFF123ABE1B5}.Release|Win32.Build.0 = Release|Win32
	EndGlobalSection
	GlobalSection(SolutionProperties) = preSolution
		HideSolutionNode = FALSE
	EndGlobalSection
EndGlobal
