Microsoft Visual Studio Solution File, Format Version 8.00
Project("{8BC9CEB8-8B4A-11D0-8D11-00A0C91BC942}") = "ezquake", "ezquake_msvs_71.vcproj", "{222A5DBE-5433-44A7-8EC6-AFF123ABE1B5}"
	ProjectSection(ProjectDependencies) = postProject
	EndProjectSection
EndProject
Global
	GlobalSection(SolutionConfiguration) = preSolution
		Debug = Debug
		GLDebug = GLDebug
		GLRelease = GLRelease
		Release = Release
	EndGlobalSection
	GlobalSection(ProjectConfiguration) = postSolution
		{222A5DBE-5433-44A7-8EC6-AFF123ABE1B5}.Debug.ActiveCfg = Debug|Win32
		{222A5DBE-5433-44A7-8EC6-AFF123ABE1B5}.Debug.Build.0 = Debug|Win32
		{222A5DBE-5433-44A7-8EC6-AFF123ABE1B5}.GLDebug.ActiveCfg = GLDebug|Win32
		{222A5DBE-5433-44A7-8EC6-AFF123ABE1B5}.GLDebug.Build.0 = GLDebug|Win32
		{222A5DBE-5433-44A7-8EC6-AFF123ABE1B5}.GLRelease.ActiveCfg = GLRelease|Win32
		{222A5DBE-5433-44A7-8EC6-AFF123ABE1B5}.GLRelease.Build.0 = GLRelease|Win32
		{222A5DBE-5433-44A7-8EC6-AFF123ABE1B5}.Release.ActiveCfg = Release|Win32
		{222A5DBE-5433-44A7-8EC6-AFF123ABE1B5}.Release.Build.0 = Release|Win32
	EndGlobalSection
	GlobalSection(ExtensibilityGlobals) = postSolution
	EndGlobalSection
	GlobalSection(ExtensibilityAddIns) = postSolution
	EndGlobalSection
EndGlobal
